// !$*UTF8*$!
{
	archiveVersion = 1;
	classes = {
	};
	objectVersion = 55;
	objects = {

/* Begin PBXBuildFile section */
		01F1BAE21A7429133EFBA856 /* Pods_RickAndMorty_RickAndMortyUITests.framework in Frameworks */ = {isa = PBXBuildFile; fileRef = EA2F9EEE73D8588692F30844 /* Pods_RickAndMorty_RickAndMortyUITests.framework */; };
		3159F774300699249D5458E0 /* Pods_RickAndMortyTests.framework in Frameworks */ = {isa = PBXBuildFile; fileRef = 1791E66DCEE484288E2C5843 /* Pods_RickAndMortyTests.framework */; };
		650B500B27E1F24C001DDD00 /* FeatureConfigurator.swift in Sources */ = {isa = PBXBuildFile; fileRef = 650B500A27E1F24C001DDD00 /* FeatureConfigurator.swift */; };
		650B501027E1FAA1001DDD00 /* CharacterListConfigurator.swift in Sources */ = {isa = PBXBuildFile; fileRef = 650B500F27E1FAA1001DDD00 /* CharacterListConfigurator.swift */; };
		650B501327E1FAE8001DDD00 /* FeatureDependencies.swift in Sources */ = {isa = PBXBuildFile; fileRef = 650B501227E1FAE8001DDD00 /* FeatureDependencies.swift */; };
		65109DC027E115BC006E84E4 /* CharactersTarget.swift in Sources */ = {isa = PBXBuildFile; fileRef = 65109DBF27E115BC006E84E4 /* CharactersTarget.swift */; };
		65109DC227E1164D006E84E4 /* Environment.swift in Sources */ = {isa = PBXBuildFile; fileRef = 65109DC127E1164D006E84E4 /* Environment.swift */; };
		651C601327E0FF5800EDD38E /* AppDelegate.swift in Sources */ = {isa = PBXBuildFile; fileRef = 651C601227E0FF5800EDD38E /* AppDelegate.swift */; };
		651C601527E0FF5800EDD38E /* SceneDelegate.swift in Sources */ = {isa = PBXBuildFile; fileRef = 651C601427E0FF5800EDD38E /* SceneDelegate.swift */; };
		651C601727E0FF5800EDD38E /* ViewController.swift in Sources */ = {isa = PBXBuildFile; fileRef = 651C601627E0FF5800EDD38E /* ViewController.swift */; };
		651C601D27E0FF5800EDD38E /* RickAndMorty.xcdatamodeld in Sources */ = {isa = PBXBuildFile; fileRef = 651C601B27E0FF5800EDD38E /* RickAndMorty.xcdatamodeld */; };
		651C601F27E0FF5A00EDD38E /* Assets.xcassets in Resources */ = {isa = PBXBuildFile; fileRef = 651C601E27E0FF5A00EDD38E /* Assets.xcassets */; };
		651C602227E0FF5A00EDD38E /* LaunchScreen.storyboard in Resources */ = {isa = PBXBuildFile; fileRef = 651C602027E0FF5A00EDD38E /* LaunchScreen.storyboard */; };
		651C602D27E0FF5A00EDD38E /* RickAndMortyTests.swift in Sources */ = {isa = PBXBuildFile; fileRef = 651C602C27E0FF5A00EDD38E /* RickAndMortyTests.swift */; };
		651C603727E0FF5A00EDD38E /* RickAndMortyUITests.swift in Sources */ = {isa = PBXBuildFile; fileRef = 651C603627E0FF5A00EDD38E /* RickAndMortyUITests.swift */; };
		651C603927E0FF5A00EDD38E /* RickAndMortyUITestsLaunchTests.swift in Sources */ = {isa = PBXBuildFile; fileRef = 651C603827E0FF5A00EDD38E /* RickAndMortyUITestsLaunchTests.swift */; };
		651C604D27E100DC00EDD38E /* CharacterListViewController.swift in Sources */ = {isa = PBXBuildFile; fileRef = 651C604C27E100DC00EDD38E /* CharacterListViewController.swift */; };
		651C604F27E100F100EDD38E /* CharacterListInterfaces.swift in Sources */ = {isa = PBXBuildFile; fileRef = 651C604E27E100F100EDD38E /* CharacterListInterfaces.swift */; };
		651C605127E1010000EDD38E /* CharacterListPresenter.swift in Sources */ = {isa = PBXBuildFile; fileRef = 651C605027E1010000EDD38E /* CharacterListPresenter.swift */; };
		651C605327E1011000EDD38E /* CharacterListWireframe.swift in Sources */ = {isa = PBXBuildFile; fileRef = 651C605227E1011000EDD38E /* CharacterListWireframe.swift */; };
		651C605527E1011E00EDD38E /* CharacterListInteractor.swift in Sources */ = {isa = PBXBuildFile; fileRef = 651C605427E1011E00EDD38E /* CharacterListInteractor.swift */; };
		651C605827E101A400EDD38E /* CharacterDetailInterfaces.swift in Sources */ = {isa = PBXBuildFile; fileRef = 651C605727E101A400EDD38E /* CharacterDetailInterfaces.swift */; };
		651C605A27E101B300EDD38E /* CharacterDetailPresenter.swift in Sources */ = {isa = PBXBuildFile; fileRef = 651C605927E101B300EDD38E /* CharacterDetailPresenter.swift */; };
		651C605C27E101C000EDD38E /* CharacterDetailWireframe.swift in Sources */ = {isa = PBXBuildFile; fileRef = 651C605B27E101C000EDD38E /* CharacterDetailWireframe.swift */; };
		651C605E27E104A900EDD38E /* CharacterDetailConfigurator.swift in Sources */ = {isa = PBXBuildFile; fileRef = 651C605D27E104A900EDD38E /* CharacterDetailConfigurator.swift */; };
		651C606027E104BB00EDD38E /* CharacterDetailViewController.swift in Sources */ = {isa = PBXBuildFile; fileRef = 651C605F27E104BB00EDD38E /* CharacterDetailViewController.swift */; };
		651C607427E1081F00EDD38E /* CharactersMapper.swift in Sources */ = {isa = PBXBuildFile; fileRef = 651C607327E1081F00EDD38E /* CharactersMapper.swift */; };
		651C607927E1092300EDD38E /* Characters.swift in Sources */ = {isa = PBXBuildFile; fileRef = 651C607827E1092300EDD38E /* Characters.swift */; };
		651C607B27E1093100EDD38E /* CharactersResponse.swift in Sources */ = {isa = PBXBuildFile; fileRef = 651C607A27E1093100EDD38E /* CharactersResponse.swift */; };
		651DCA2A27E39E94003ACBAA /* CharacterListTableViewController.swift in Sources */ = {isa = PBXBuildFile; fileRef = 651DCA2927E39E94003ACBAA /* CharacterListTableViewController.swift */; };
		651DCA2C27E3A51C003ACBAA /* CharacterViewCell.swift in Sources */ = {isa = PBXBuildFile; fileRef = 651DCA2B27E3A51C003ACBAA /* CharacterViewCell.swift */; };
		651DCA2E27E3BC14003ACBAA /* CompletionResult.swift in Sources */ = {isa = PBXBuildFile; fileRef = 651DCA2D27E3BC14003ACBAA /* CompletionResult.swift */; };
		651DCA3127E3BDDA003ACBAA /* Array+SafeSubscript.swift in Sources */ = {isa = PBXBuildFile; fileRef = 651DCA3027E3BDDA003ACBAA /* Array+SafeSubscript.swift */; };
		651DCA3327E3C007003ACBAA /* UIView+Subviews.swift in Sources */ = {isa = PBXBuildFile; fileRef = 651DCA3227E3C007003ACBAA /* UIView+Subviews.swift */; };
		655921AC27EA0D5300523C3B /* Spy.swift in Sources */ = {isa = PBXBuildFile; fileRef = 655921AB27EA0D5300523C3B /* Spy.swift */; };
		655921AF27EA0DA200523C3B /* SpyComparableInterface.swift in Sources */ = {isa = PBXBuildFile; fileRef = 655921AE27EA0DA200523C3B /* SpyComparableInterface.swift */; };
		655921B127EA0DB900523C3B /* SpyComparer.swift in Sources */ = {isa = PBXBuildFile; fileRef = 655921B027EA0DB900523C3B /* SpyComparer.swift */; };
		655921B627EA2E8F00523C3B /* CharacterListViewMock.swift in Sources */ = {isa = PBXBuildFile; fileRef = 655921B527EA2E8F00523C3B /* CharacterListViewMock.swift */; };
		655921B827EA2E9D00523C3B /* CharacterListPresenterMock.swift in Sources */ = {isa = PBXBuildFile; fileRef = 655921B727EA2E9D00523C3B /* CharacterListPresenterMock.swift */; };
		655921BA27EA2EAB00523C3B /* CharacterListInteractorMock.swift in Sources */ = {isa = PBXBuildFile; fileRef = 655921B927EA2EAB00523C3B /* CharacterListInteractorMock.swift */; };
		655921BC27EA2EB700523C3B /* CharacterListWireframeMock.swift in Sources */ = {isa = PBXBuildFile; fileRef = 655921BB27EA2EB700523C3B /* CharacterListWireframeMock.swift */; };
		655921BF27EA352700523C3B /* AnyCollection+Equal.swift in Sources */ = {isa = PBXBuildFile; fileRef = 655921BE27EA352700523C3B /* AnyCollection+Equal.swift */; };
		655921C227EA370800523C3B /* CharactersFactory.swift in Sources */ = {isa = PBXBuildFile; fileRef = 655921C127EA370800523C3B /* CharactersFactory.swift */; };
		655921C627EA3AB000523C3B /* CharacterDetailConfiguratorMock.swift in Sources */ = {isa = PBXBuildFile; fileRef = 655921C527EA3AB000523C3B /* CharacterDetailConfiguratorMock.swift */; };
		655921C827EA3BB600523C3B /* CharacterListWireframeTests.swift in Sources */ = {isa = PBXBuildFile; fileRef = 655921C727EA3BB600523C3B /* CharacterListWireframeTests.swift */; };
		655921CA27EA3C4300523C3B /* UIViewControllerSpy.swift in Sources */ = {isa = PBXBuildFile; fileRef = 655921C927EA3C4300523C3B /* UIViewControllerSpy.swift */; };
		655921CC27EA3C5F00523C3B /* UINavigationControllerSpy.swift in Sources */ = {isa = PBXBuildFile; fileRef = 655921CB27EA3C5F00523C3B /* UINavigationControllerSpy.swift */; };
		655921CE27EA414500523C3B /* CharacterListPresenterTests.swift in Sources */ = {isa = PBXBuildFile; fileRef = 655921CD27EA414500523C3B /* CharacterListPresenterTests.swift */; };
		655921D327EA4F6000523C3B /* LocalProviderMock.swift in Sources */ = {isa = PBXBuildFile; fileRef = 655921D227EA4F6000523C3B /* LocalProviderMock.swift */; };
		655921D527EA501A00523C3B /* CharacterListInteractorTests.swift in Sources */ = {isa = PBXBuildFile; fileRef = 655921D427EA501A00523C3B /* CharacterListInteractorTests.swift */; };
		655921D927EA50C800523C3B /* CharacterRepositoryMock.swift in Sources */ = {isa = PBXBuildFile; fileRef = 655921D827EA50C800523C3B /* CharacterRepositoryMock.swift */; };
		65649B3227E11A46000C96E1 /* CharactersRepositoryInterface.swift in Sources */ = {isa = PBXBuildFile; fileRef = 65649B3127E11A46000C96E1 /* CharactersRepositoryInterface.swift */; };
		65649B3427E11EBC000C96E1 /* CharactersRepository.swift in Sources */ = {isa = PBXBuildFile; fileRef = 65649B3327E11EBC000C96E1 /* CharactersRepository.swift */; };
		65649B3827E13309000C96E1 /* NetworkError.swift in Sources */ = {isa = PBXBuildFile; fileRef = 65649B3727E13309000C96E1 /* NetworkError.swift */; };
		65A245EF27E896A30012890B /* LocalProvider.swift in Sources */ = {isa = PBXBuildFile; fileRef = 65A245EE27E896A30012890B /* LocalProvider.swift */; };
		65A245F227E8972E0012890B /* LocalProviderInterface.swift in Sources */ = {isa = PBXBuildFile; fileRef = 65A245F127E8972E0012890B /* LocalProviderInterface.swift */; };
		65A245F627E8D6EF0012890B /* PlaceholderView.swift in Sources */ = {isa = PBXBuildFile; fileRef = 65A245F527E8D6EF0012890B /* PlaceholderView.swift */; };
		65C4C08E27E61688009725F7 /* Style.swift in Sources */ = {isa = PBXBuildFile; fileRef = 65C4C08D27E61688009725F7 /* Style.swift */; };
		65C4C09027E62B15009725F7 /* CharacterListViewData.swift in Sources */ = {isa = PBXBuildFile; fileRef = 65C4C08F27E62B15009725F7 /* CharacterListViewData.swift */; };
		65C4C09227E663D0009725F7 /* CharacterDetailViewData.swift in Sources */ = {isa = PBXBuildFile; fileRef = 65C4C09127E663D0009725F7 /* CharacterDetailViewData.swift */; };
		79F51FB95B0048C3C818213F /* Pods_RickAndMorty.framework in Frameworks */ = {isa = PBXBuildFile; fileRef = F0F1246CE0B4B24D93E646B6 /* Pods_RickAndMorty.framework */; };
/* End PBXBuildFile section */

/* Begin PBXContainerItemProxy section */
		651C602927E0FF5A00EDD38E /* PBXContainerItemProxy */ = {
			isa = PBXContainerItemProxy;
			containerPortal = 651C600727E0FF5800EDD38E /* Project object */;
			proxyType = 1;
			remoteGlobalIDString = 651C600E27E0FF5800EDD38E;
			remoteInfo = RickAndMorty;
		};
		651C603327E0FF5A00EDD38E /* PBXContainerItemProxy */ = {
			isa = PBXContainerItemProxy;
			containerPortal = 651C600727E0FF5800EDD38E /* Project object */;
			proxyType = 1;
			remoteGlobalIDString = 651C600E27E0FF5800EDD38E;
			remoteInfo = RickAndMorty;
		};
/* End PBXContainerItemProxy section */

/* Begin PBXFileReference section */
		1791E66DCEE484288E2C5843 /* Pods_RickAndMortyTests.framework */ = {isa = PBXFileReference; explicitFileType = wrapper.framework; includeInIndex = 0; path = Pods_RickAndMortyTests.framework; sourceTree = BUILT_PRODUCTS_DIR; };
		3DAB30FBE97D7598AB077DB2 /* Pods-RickAndMortyTests.release.xcconfig */ = {isa = PBXFileReference; includeInIndex = 1; lastKnownFileType = text.xcconfig; name = "Pods-RickAndMortyTests.release.xcconfig"; path = "Target Support Files/Pods-RickAndMortyTests/Pods-RickAndMortyTests.release.xcconfig"; sourceTree = "<group>"; };
		4737B6847883468868D69FDD /* Pods-RickAndMorty-RickAndMortyUITests.release.xcconfig */ = {isa = PBXFileReference; includeInIndex = 1; lastKnownFileType = text.xcconfig; name = "Pods-RickAndMorty-RickAndMortyUITests.release.xcconfig"; path = "Target Support Files/Pods-RickAndMorty-RickAndMortyUITests/Pods-RickAndMorty-RickAndMortyUITests.release.xcconfig"; sourceTree = "<group>"; };
		650B500A27E1F24C001DDD00 /* FeatureConfigurator.swift */ = {isa = PBXFileReference; lastKnownFileType = sourcecode.swift; path = FeatureConfigurator.swift; sourceTree = "<group>"; };
		650B500F27E1FAA1001DDD00 /* CharacterListConfigurator.swift */ = {isa = PBXFileReference; lastKnownFileType = sourcecode.swift; path = CharacterListConfigurator.swift; sourceTree = "<group>"; };
		650B501227E1FAE8001DDD00 /* FeatureDependencies.swift */ = {isa = PBXFileReference; lastKnownFileType = sourcecode.swift; path = FeatureDependencies.swift; sourceTree = "<group>"; };
		65109DBF27E115BC006E84E4 /* CharactersTarget.swift */ = {isa = PBXFileReference; lastKnownFileType = sourcecode.swift; path = CharactersTarget.swift; sourceTree = "<group>"; };
		65109DC127E1164D006E84E4 /* Environment.swift */ = {isa = PBXFileReference; lastKnownFileType = sourcecode.swift; path = Environment.swift; sourceTree = "<group>"; };
		651C600F27E0FF5800EDD38E /* RickAndMorty.app */ = {isa = PBXFileReference; explicitFileType = wrapper.application; includeInIndex = 0; path = RickAndMorty.app; sourceTree = BUILT_PRODUCTS_DIR; };
		651C601227E0FF5800EDD38E /* AppDelegate.swift */ = {isa = PBXFileReference; lastKnownFileType = sourcecode.swift; path = AppDelegate.swift; sourceTree = "<group>"; };
		651C601427E0FF5800EDD38E /* SceneDelegate.swift */ = {isa = PBXFileReference; lastKnownFileType = sourcecode.swift; path = SceneDelegate.swift; sourceTree = "<group>"; };
		651C601627E0FF5800EDD38E /* ViewController.swift */ = {isa = PBXFileReference; lastKnownFileType = sourcecode.swift; path = ViewController.swift; sourceTree = "<group>"; };
		651C601C27E0FF5800EDD38E /* RickAndMorty.xcdatamodel */ = {isa = PBXFileReference; lastKnownFileType = wrapper.xcdatamodel; path = RickAndMorty.xcdatamodel; sourceTree = "<group>"; };
		651C601E27E0FF5A00EDD38E /* Assets.xcassets */ = {isa = PBXFileReference; lastKnownFileType = folder.assetcatalog; path = Assets.xcassets; sourceTree = "<group>"; };
		651C602127E0FF5A00EDD38E /* Base */ = {isa = PBXFileReference; lastKnownFileType = file.storyboard; name = Base; path = Base.lproj/LaunchScreen.storyboard; sourceTree = "<group>"; };
		651C602327E0FF5A00EDD38E /* Info.plist */ = {isa = PBXFileReference; lastKnownFileType = text.plist.xml; path = Info.plist; sourceTree = "<group>"; };
		651C602827E0FF5A00EDD38E /* RickAndMortyTests.xctest */ = {isa = PBXFileReference; explicitFileType = wrapper.cfbundle; includeInIndex = 0; path = RickAndMortyTests.xctest; sourceTree = BUILT_PRODUCTS_DIR; };
		651C602C27E0FF5A00EDD38E /* RickAndMortyTests.swift */ = {isa = PBXFileReference; lastKnownFileType = sourcecode.swift; path = RickAndMortyTests.swift; sourceTree = "<group>"; };
		651C603227E0FF5A00EDD38E /* RickAndMortyUITests.xctest */ = {isa = PBXFileReference; explicitFileType = wrapper.cfbundle; includeInIndex = 0; path = RickAndMortyUITests.xctest; sourceTree = BUILT_PRODUCTS_DIR; };
		651C603627E0FF5A00EDD38E /* RickAndMortyUITests.swift */ = {isa = PBXFileReference; lastKnownFileType = sourcecode.swift; path = RickAndMortyUITests.swift; sourceTree = "<group>"; };
		651C603827E0FF5A00EDD38E /* RickAndMortyUITestsLaunchTests.swift */ = {isa = PBXFileReference; lastKnownFileType = sourcecode.swift; path = RickAndMortyUITestsLaunchTests.swift; sourceTree = "<group>"; };
		651C604C27E100DC00EDD38E /* CharacterListViewController.swift */ = {isa = PBXFileReference; lastKnownFileType = sourcecode.swift; path = CharacterListViewController.swift; sourceTree = "<group>"; };
		651C604E27E100F100EDD38E /* CharacterListInterfaces.swift */ = {isa = PBXFileReference; lastKnownFileType = sourcecode.swift; path = CharacterListInterfaces.swift; sourceTree = "<group>"; };
		651C605027E1010000EDD38E /* CharacterListPresenter.swift */ = {isa = PBXFileReference; lastKnownFileType = sourcecode.swift; path = CharacterListPresenter.swift; sourceTree = "<group>"; };
		651C605227E1011000EDD38E /* CharacterListWireframe.swift */ = {isa = PBXFileReference; lastKnownFileType = sourcecode.swift; path = CharacterListWireframe.swift; sourceTree = "<group>"; };
		651C605427E1011E00EDD38E /* CharacterListInteractor.swift */ = {isa = PBXFileReference; lastKnownFileType = sourcecode.swift; path = CharacterListInteractor.swift; sourceTree = "<group>"; };
		651C605727E101A400EDD38E /* CharacterDetailInterfaces.swift */ = {isa = PBXFileReference; lastKnownFileType = sourcecode.swift; path = CharacterDetailInterfaces.swift; sourceTree = "<group>"; };
		651C605927E101B300EDD38E /* CharacterDetailPresenter.swift */ = {isa = PBXFileReference; lastKnownFileType = sourcecode.swift; path = CharacterDetailPresenter.swift; sourceTree = "<group>"; };
		651C605B27E101C000EDD38E /* CharacterDetailWireframe.swift */ = {isa = PBXFileReference; lastKnownFileType = sourcecode.swift; path = CharacterDetailWireframe.swift; sourceTree = "<group>"; };
		651C605D27E104A900EDD38E /* CharacterDetailConfigurator.swift */ = {isa = PBXFileReference; lastKnownFileType = sourcecode.swift; path = CharacterDetailConfigurator.swift; sourceTree = "<group>"; };
		651C605F27E104BB00EDD38E /* CharacterDetailViewController.swift */ = {isa = PBXFileReference; lastKnownFileType = sourcecode.swift; path = CharacterDetailViewController.swift; sourceTree = "<group>"; };
		651C607327E1081F00EDD38E /* CharactersMapper.swift */ = {isa = PBXFileReference; lastKnownFileType = sourcecode.swift; path = CharactersMapper.swift; sourceTree = "<group>"; };
		651C607827E1092300EDD38E /* Characters.swift */ = {isa = PBXFileReference; lastKnownFileType = sourcecode.swift; path = Characters.swift; sourceTree = "<group>"; };
		651C607A27E1093100EDD38E /* CharactersResponse.swift */ = {isa = PBXFileReference; lastKnownFileType = sourcecode.swift; path = CharactersResponse.swift; sourceTree = "<group>"; };
		651DCA2927E39E94003ACBAA /* CharacterListTableViewController.swift */ = {isa = PBXFileReference; lastKnownFileType = sourcecode.swift; path = CharacterListTableViewController.swift; sourceTree = "<group>"; };
		651DCA2B27E3A51C003ACBAA /* CharacterViewCell.swift */ = {isa = PBXFileReference; lastKnownFileType = sourcecode.swift; path = CharacterViewCell.swift; sourceTree = "<group>"; };
		651DCA2D27E3BC14003ACBAA /* CompletionResult.swift */ = {isa = PBXFileReference; lastKnownFileType = sourcecode.swift; path = CompletionResult.swift; sourceTree = "<group>"; };
		651DCA3027E3BDDA003ACBAA /* Array+SafeSubscript.swift */ = {isa = PBXFileReference; lastKnownFileType = sourcecode.swift; path = "Array+SafeSubscript.swift"; sourceTree = "<group>"; };
		651DCA3227E3C007003ACBAA /* UIView+Subviews.swift */ = {isa = PBXFileReference; lastKnownFileType = sourcecode.swift; path = "UIView+Subviews.swift"; sourceTree = "<group>"; };
		655921AB27EA0D5300523C3B /* Spy.swift */ = {isa = PBXFileReference; lastKnownFileType = sourcecode.swift; path = Spy.swift; sourceTree = "<group>"; };
		655921AE27EA0DA200523C3B /* SpyComparableInterface.swift */ = {isa = PBXFileReference; lastKnownFileType = sourcecode.swift; path = SpyComparableInterface.swift; sourceTree = "<group>"; };
		655921B027EA0DB900523C3B /* SpyComparer.swift */ = {isa = PBXFileReference; lastKnownFileType = sourcecode.swift; path = SpyComparer.swift; sourceTree = "<group>"; };
		655921B527EA2E8F00523C3B /* CharacterListViewMock.swift */ = {isa = PBXFileReference; lastKnownFileType = sourcecode.swift; path = CharacterListViewMock.swift; sourceTree = "<group>"; };
		655921B727EA2E9D00523C3B /* CharacterListPresenterMock.swift */ = {isa = PBXFileReference; lastKnownFileType = sourcecode.swift; path = CharacterListPresenterMock.swift; sourceTree = "<group>"; };
		655921B927EA2EAB00523C3B /* CharacterListInteractorMock.swift */ = {isa = PBXFileReference; lastKnownFileType = sourcecode.swift; path = CharacterListInteractorMock.swift; sourceTree = "<group>"; };
		655921BB27EA2EB700523C3B /* CharacterListWireframeMock.swift */ = {isa = PBXFileReference; lastKnownFileType = sourcecode.swift; path = CharacterListWireframeMock.swift; sourceTree = "<group>"; };
		655921BE27EA352700523C3B /* AnyCollection+Equal.swift */ = {isa = PBXFileReference; lastKnownFileType = sourcecode.swift; path = "AnyCollection+Equal.swift"; sourceTree = "<group>"; };
		655921C127EA370800523C3B /* CharactersFactory.swift */ = {isa = PBXFileReference; lastKnownFileType = sourcecode.swift; path = CharactersFactory.swift; sourceTree = "<group>"; };
		655921C527EA3AB000523C3B /* CharacterDetailConfiguratorMock.swift */ = {isa = PBXFileReference; lastKnownFileType = sourcecode.swift; path = CharacterDetailConfiguratorMock.swift; sourceTree = "<group>"; };
		655921C727EA3BB600523C3B /* CharacterListWireframeTests.swift */ = {isa = PBXFileReference; lastKnownFileType = sourcecode.swift; path = CharacterListWireframeTests.swift; sourceTree = "<group>"; };
		655921C927EA3C4300523C3B /* UIViewControllerSpy.swift */ = {isa = PBXFileReference; lastKnownFileType = sourcecode.swift; path = UIViewControllerSpy.swift; sourceTree = "<group>"; };
		655921CB27EA3C5F00523C3B /* UINavigationControllerSpy.swift */ = {isa = PBXFileReference; lastKnownFileType = sourcecode.swift; path = UINavigationControllerSpy.swift; sourceTree = "<group>"; };
		655921CD27EA414500523C3B /* CharacterListPresenterTests.swift */ = {isa = PBXFileReference; lastKnownFileType = sourcecode.swift; path = CharacterListPresenterTests.swift; sourceTree = "<group>"; };
		655921D227EA4F6000523C3B /* LocalProviderMock.swift */ = {isa = PBXFileReference; lastKnownFileType = sourcecode.swift; path = LocalProviderMock.swift; sourceTree = "<group>"; };
		655921D427EA501A00523C3B /* CharacterListInteractorTests.swift */ = {isa = PBXFileReference; lastKnownFileType = sourcecode.swift; path = CharacterListInteractorTests.swift; sourceTree = "<group>"; };
		655921D827EA50C800523C3B /* CharacterRepositoryMock.swift */ = {isa = PBXFileReference; lastKnownFileType = sourcecode.swift; path = CharacterRepositoryMock.swift; sourceTree = "<group>"; };
		65649B3127E11A46000C96E1 /* CharactersRepositoryInterface.swift */ = {isa = PBXFileReference; lastKnownFileType = sourcecode.swift; path = CharactersRepositoryInterface.swift; sourceTree = "<group>"; };
		65649B3327E11EBC000C96E1 /* CharactersRepository.swift */ = {isa = PBXFileReference; lastKnownFileType = sourcecode.swift; path = CharactersRepository.swift; sourceTree = "<group>"; };
		65649B3727E13309000C96E1 /* NetworkError.swift */ = {isa = PBXFileReference; lastKnownFileType = sourcecode.swift; path = NetworkError.swift; sourceTree = "<group>"; };
		65A245EE27E896A30012890B /* LocalProvider.swift */ = {isa = PBXFileReference; lastKnownFileType = sourcecode.swift; path = LocalProvider.swift; sourceTree = "<group>"; };
		65A245F127E8972E0012890B /* LocalProviderInterface.swift */ = {isa = PBXFileReference; lastKnownFileType = sourcecode.swift; path = LocalProviderInterface.swift; sourceTree = "<group>"; };
		65A245F527E8D6EF0012890B /* PlaceholderView.swift */ = {isa = PBXFileReference; lastKnownFileType = sourcecode.swift; path = PlaceholderView.swift; sourceTree = "<group>"; };
		65C4C08D27E61688009725F7 /* Style.swift */ = {isa = PBXFileReference; lastKnownFileType = sourcecode.swift; path = Style.swift; sourceTree = "<group>"; };
		65C4C08F27E62B15009725F7 /* CharacterListViewData.swift */ = {isa = PBXFileReference; lastKnownFileType = sourcecode.swift; path = CharacterListViewData.swift; sourceTree = "<group>"; };
		65C4C09127E663D0009725F7 /* CharacterDetailViewData.swift */ = {isa = PBXFileReference; lastKnownFileType = sourcecode.swift; path = CharacterDetailViewData.swift; sourceTree = "<group>"; };
		C5EEAD048044040B829038B7 /* Pods-RickAndMorty.release.xcconfig */ = {isa = PBXFileReference; includeInIndex = 1; lastKnownFileType = text.xcconfig; name = "Pods-RickAndMorty.release.xcconfig"; path = "Target Support Files/Pods-RickAndMorty/Pods-RickAndMorty.release.xcconfig"; sourceTree = "<group>"; };
		C64AC7D6E55C7223D5490F7B /* Pods-RickAndMorty-RickAndMortyUITests.debug.xcconfig */ = {isa = PBXFileReference; includeInIndex = 1; lastKnownFileType = text.xcconfig; name = "Pods-RickAndMorty-RickAndMortyUITests.debug.xcconfig"; path = "Target Support Files/Pods-RickAndMorty-RickAndMortyUITests/Pods-RickAndMorty-RickAndMortyUITests.debug.xcconfig"; sourceTree = "<group>"; };
		D6C007289B91A102DC4738ED /* Pods-RickAndMorty.debug.xcconfig */ = {isa = PBXFileReference; includeInIndex = 1; lastKnownFileType = text.xcconfig; name = "Pods-RickAndMorty.debug.xcconfig"; path = "Target Support Files/Pods-RickAndMorty/Pods-RickAndMorty.debug.xcconfig"; sourceTree = "<group>"; };
		D748CAA601A94D0267DDA221 /* Pods-RickAndMortyTests.debug.xcconfig */ = {isa = PBXFileReference; includeInIndex = 1; lastKnownFileType = text.xcconfig; name = "Pods-RickAndMortyTests.debug.xcconfig"; path = "Target Support Files/Pods-RickAndMortyTests/Pods-RickAndMortyTests.debug.xcconfig"; sourceTree = "<group>"; };
		EA2F9EEE73D8588692F30844 /* Pods_RickAndMorty_RickAndMortyUITests.framework */ = {isa = PBXFileReference; explicitFileType = wrapper.framework; includeInIndex = 0; path = Pods_RickAndMorty_RickAndMortyUITests.framework; sourceTree = BUILT_PRODUCTS_DIR; };
		F0F1246CE0B4B24D93E646B6 /* Pods_RickAndMorty.framework */ = {isa = PBXFileReference; explicitFileType = wrapper.framework; includeInIndex = 0; path = Pods_RickAndMorty.framework; sourceTree = BUILT_PRODUCTS_DIR; };
/* End PBXFileReference section */

/* Begin PBXFrameworksBuildPhase section */
		651C600C27E0FF5800EDD38E /* Frameworks */ = {
			isa = PBXFrameworksBuildPhase;
			buildActionMask = 2147483647;
			files = (
				79F51FB95B0048C3C818213F /* Pods_RickAndMorty.framework in Frameworks */,
			);
			runOnlyForDeploymentPostprocessing = 0;
		};
		651C602527E0FF5A00EDD38E /* Frameworks */ = {
			isa = PBXFrameworksBuildPhase;
			buildActionMask = 2147483647;
			files = (
				3159F774300699249D5458E0 /* Pods_RickAndMortyTests.framework in Frameworks */,
			);
			runOnlyForDeploymentPostprocessing = 0;
		};
		651C602F27E0FF5A00EDD38E /* Frameworks */ = {
			isa = PBXFrameworksBuildPhase;
			buildActionMask = 2147483647;
			files = (
				01F1BAE21A7429133EFBA856 /* Pods_RickAndMorty_RickAndMortyUITests.framework in Frameworks */,
			);
			runOnlyForDeploymentPostprocessing = 0;
		};
/* End PBXFrameworksBuildPhase section */

/* Begin PBXGroup section */
		185BEA3E8EF4BDCDB9459A5A /* Frameworks */ = {
			isa = PBXGroup;
			children = (
				F0F1246CE0B4B24D93E646B6 /* Pods_RickAndMorty.framework */,
				EA2F9EEE73D8588692F30844 /* Pods_RickAndMorty_RickAndMortyUITests.framework */,
				1791E66DCEE484288E2C5843 /* Pods_RickAndMortyTests.framework */,
			);
			name = Frameworks;
			sourceTree = "<group>";
		};
		650B501127E1FADC001DDD00 /* Common */ = {
			isa = PBXGroup;
			children = (
				65A245F427E8D6DF0012890B /* Views */,
				650B501227E1FAE8001DDD00 /* FeatureDependencies.swift */,
			);
			path = Common;
			sourceTree = "<group>";
		};
		651C600627E0FF5800EDD38E = {
			isa = PBXGroup;
			children = (
				651C601127E0FF5800EDD38E /* RickAndMorty */,
				651C602B27E0FF5A00EDD38E /* RickAndMortyTests */,
				651C603527E0FF5A00EDD38E /* RickAndMortyUITests */,
				651C601027E0FF5800EDD38E /* Products */,
				A92718C3943FA65A79AE4E61 /* Pods */,
				185BEA3E8EF4BDCDB9459A5A /* Frameworks */,
			);
			sourceTree = "<group>";
		};
		651C601027E0FF5800EDD38E /* Products */ = {
			isa = PBXGroup;
			children = (
				651C600F27E0FF5800EDD38E /* RickAndMorty.app */,
				651C602827E0FF5A00EDD38E /* RickAndMortyTests.xctest */,
				651C603227E0FF5A00EDD38E /* RickAndMortyUITests.xctest */,
			);
			name = Products;
			sourceTree = "<group>";
		};
		651C601127E0FF5800EDD38E /* RickAndMorty */ = {
			isa = PBXGroup;
			children = (
				651DCA2F27E3BDC5003ACBAA /* Utils */,
				651C604827E1000900EDD38E /* Features */,
				651C606E27E105DA00EDD38E /* Data */,
				651C604627E0FFD800EDD38E /* Assets */,
				651C604527E0FFBF00EDD38E /* Delegate */,
				651C601627E0FF5800EDD38E /* ViewController.swift */,
				651C602027E0FF5A00EDD38E /* LaunchScreen.storyboard */,
				651C602327E0FF5A00EDD38E /* Info.plist */,
				651C601B27E0FF5800EDD38E /* RickAndMorty.xcdatamodeld */,
			);
			path = RickAndMorty;
			sourceTree = "<group>";
		};
		651C602B27E0FF5A00EDD38E /* RickAndMortyTests */ = {
			isa = PBXGroup;
			children = (
				655921CF27EA4F2B00523C3B /* Data */,
				655921C027EA36E100523C3B /* Factories */,
				655921AA27EA0D4300523C3B /* Utils */,
				655921A927EA0CB800523C3B /* Features */,
				651C602C27E0FF5A00EDD38E /* RickAndMortyTests.swift */,
			);
			path = RickAndMortyTests;
			sourceTree = "<group>";
		};
		651C603527E0FF5A00EDD38E /* RickAndMortyUITests */ = {
			isa = PBXGroup;
			children = (
				651C603627E0FF5A00EDD38E /* RickAndMortyUITests.swift */,
				651C603827E0FF5A00EDD38E /* RickAndMortyUITestsLaunchTests.swift */,
			);
			path = RickAndMortyUITests;
			sourceTree = "<group>";
		};
		651C604527E0FFBF00EDD38E /* Delegate */ = {
			isa = PBXGroup;
			children = (
				651C601227E0FF5800EDD38E /* AppDelegate.swift */,
				651C601427E0FF5800EDD38E /* SceneDelegate.swift */,
			);
			path = Delegate;
			sourceTree = "<group>";
		};
		651C604627E0FFD800EDD38E /* Assets */ = {
			isa = PBXGroup;
			children = (
				651C601E27E0FF5A00EDD38E /* Assets.xcassets */,
			);
			path = Assets;
			sourceTree = "<group>";
		};
		651C604827E1000900EDD38E /* Features */ = {
			isa = PBXGroup;
			children = (
				650B501127E1FADC001DDD00 /* Common */,
				65649B3927E1342A000C96E1 /* Characters */,
				650B500A27E1F24C001DDD00 /* FeatureConfigurator.swift */,
			);
			path = Features;
			sourceTree = "<group>";
		};
		651C604927E1002000EDD38E /* CharacterList */ = {
			isa = PBXGroup;
			children = (
				65AAED1E27E4AD4900FE4DCC /* Utils */,
				651C605627E1017600EDD38E /* View */,
				651C604E27E100F100EDD38E /* CharacterListInterfaces.swift */,
				651C605027E1010000EDD38E /* CharacterListPresenter.swift */,
				651C605227E1011000EDD38E /* CharacterListWireframe.swift */,
				651C605427E1011E00EDD38E /* CharacterListInteractor.swift */,
				650B500F27E1FAA1001DDD00 /* CharacterListConfigurator.swift */,
				65C4C08F27E62B15009725F7 /* CharacterListViewData.swift */,
			);
			path = CharacterList;
			sourceTree = "<group>";
		};
		651C604A27E1003B00EDD38E /* CharacterDetail */ = {
			isa = PBXGroup;
			children = (
				651C605727E101A400EDD38E /* CharacterDetailInterfaces.swift */,
				651C605927E101B300EDD38E /* CharacterDetailPresenter.swift */,
				651C605B27E101C000EDD38E /* CharacterDetailWireframe.swift */,
				651C605D27E104A900EDD38E /* CharacterDetailConfigurator.swift */,
				651C605F27E104BB00EDD38E /* CharacterDetailViewController.swift */,
				65C4C09127E663D0009725F7 /* CharacterDetailViewData.swift */,
			);
			path = CharacterDetail;
			sourceTree = "<group>";
		};
		651C605627E1017600EDD38E /* View */ = {
			isa = PBXGroup;
			children = (
				651C604C27E100DC00EDD38E /* CharacterListViewController.swift */,
				651DCA2927E39E94003ACBAA /* CharacterListTableViewController.swift */,
				651DCA2B27E3A51C003ACBAA /* CharacterViewCell.swift */,
			);
			path = View;
			sourceTree = "<group>";
		};
		651C606E27E105DA00EDD38E /* Data */ = {
			isa = PBXGroup;
			children = (
				65A245F027E896C30012890B /* Network */,
				65A245ED27E896940012890B /* Database */,
				651C607527E1083800EDD38E /* Models */,
			);
			path = Data;
			sourceTree = "<group>";
		};
		651C606F27E107C200EDD38E /* Common */ = {
			isa = PBXGroup;
			children = (
				65109DC127E1164D006E84E4 /* Environment.swift */,
				65649B3727E13309000C96E1 /* NetworkError.swift */,
			);
			path = Common;
			sourceTree = "<group>";
		};
		651C607227E107F600EDD38E /* Mappers */ = {
			isa = PBXGroup;
			children = (
				651C607327E1081F00EDD38E /* CharactersMapper.swift */,
			);
			path = Mappers;
			sourceTree = "<group>";
		};
		651C607527E1083800EDD38E /* Models */ = {
			isa = PBXGroup;
			children = (
				651C607827E1092300EDD38E /* Characters.swift */,
			);
			path = Models;
			sourceTree = "<group>";
		};
		651C607627E1089700EDD38E /* Response */ = {
			isa = PBXGroup;
			children = (
				651C607A27E1093100EDD38E /* CharactersResponse.swift */,
			);
			path = Response;
			sourceTree = "<group>";
		};
		651C607D27E1098000EDD38E /* Targets */ = {
			isa = PBXGroup;
			children = (
				65109DBF27E115BC006E84E4 /* CharactersTarget.swift */,
			);
			path = Targets;
			sourceTree = "<group>";
		};
		651C607E27E109C500EDD38E /* Repositories */ = {
			isa = PBXGroup;
			children = (
				65649B3327E11EBC000C96E1 /* CharactersRepository.swift */,
			);
			path = Repositories;
			sourceTree = "<group>";
		};
		651DCA2F27E3BDC5003ACBAA /* Utils */ = {
			isa = PBXGroup;
			children = (
				651DCA3027E3BDDA003ACBAA /* Array+SafeSubscript.swift */,
				651DCA3227E3C007003ACBAA /* UIView+Subviews.swift */,
				65C4C08D27E61688009725F7 /* Style.swift */,
			);
			path = Utils;
			sourceTree = "<group>";
		};
		655921A927EA0CB800523C3B /* Features */ = {
			isa = PBXGroup;
			children = (
				655921B227EA2E4100523C3B /* Characters */,
			);
			path = Features;
			sourceTree = "<group>";
		};
		655921AA27EA0D4300523C3B /* Utils */ = {
			isa = PBXGroup;
			children = (
				655921AD27EA0D8C00523C3B /* Spy */,
			);
			path = Utils;
			sourceTree = "<group>";
		};
		655921AD27EA0D8C00523C3B /* Spy */ = {
			isa = PBXGroup;
			children = (
				655921BD27EA351200523C3B /* Extensions */,
				655921AB27EA0D5300523C3B /* Spy.swift */,
				655921AE27EA0DA200523C3B /* SpyComparableInterface.swift */,
				655921B027EA0DB900523C3B /* SpyComparer.swift */,
				655921C927EA3C4300523C3B /* UIViewControllerSpy.swift */,
				655921CB27EA3C5F00523C3B /* UINavigationControllerSpy.swift */,
			);
			path = Spy;
			sourceTree = "<group>";
		};
		655921B227EA2E4100523C3B /* Characters */ = {
			isa = PBXGroup;
			children = (
				655921C327EA3A9600523C3B /* CharacterDetail */,
				655921B327EA2E4700523C3B /* CharacterList */,
			);
			path = Characters;
			sourceTree = "<group>";
		};
		655921B327EA2E4700523C3B /* CharacterList */ = {
			isa = PBXGroup;
			children = (
				655921B427EA2E5200523C3B /* Mocks */,
				655921C727EA3BB600523C3B /* CharacterListWireframeTests.swift */,
				655921CD27EA414500523C3B /* CharacterListPresenterTests.swift */,
				655921D427EA501A00523C3B /* CharacterListInteractorTests.swift */,
			);
			path = CharacterList;
			sourceTree = "<group>";
		};
		655921B427EA2E5200523C3B /* Mocks */ = {
			isa = PBXGroup;
			children = (
				655921B527EA2E8F00523C3B /* CharacterListViewMock.swift */,
				655921B727EA2E9D00523C3B /* CharacterListPresenterMock.swift */,
				655921B927EA2EAB00523C3B /* CharacterListInteractorMock.swift */,
				655921BB27EA2EB700523C3B /* CharacterListWireframeMock.swift */,
			);
			path = Mocks;
			sourceTree = "<group>";
		};
		655921BD27EA351200523C3B /* Extensions */ = {
			isa = PBXGroup;
			children = (
				655921BE27EA352700523C3B /* AnyCollection+Equal.swift */,
			);
			path = Extensions;
			sourceTree = "<group>";
		};
		655921C027EA36E100523C3B /* Factories */ = {
			isa = PBXGroup;
			children = (
				655921C127EA370800523C3B /* CharactersFactory.swift */,
			);
			path = Factories;
			sourceTree = "<group>";
		};
		655921C327EA3A9600523C3B /* CharacterDetail */ = {
			isa = PBXGroup;
			children = (
				655921C427EA3AA200523C3B /* Mocks */,
			);
			path = CharacterDetail;
			sourceTree = "<group>";
		};
		655921C427EA3AA200523C3B /* Mocks */ = {
			isa = PBXGroup;
			children = (
				655921C527EA3AB000523C3B /* CharacterDetailConfiguratorMock.swift */,
			);
			path = Mocks;
			sourceTree = "<group>";
		};
		655921CF27EA4F2B00523C3B /* Data */ = {
			isa = PBXGroup;
			children = (
				655921D627EA50A500523C3B /* Network */,
				655921D127EA4F4200523C3B /* Database */,
			);
			path = Data;
			sourceTree = "<group>";
		};
		655921D027EA4F3500523C3B /* Mocks */ = {
			isa = PBXGroup;
			children = (
				655921D227EA4F6000523C3B /* LocalProviderMock.swift */,
			);
			path = Mocks;
			sourceTree = "<group>";
		};
		655921D127EA4F4200523C3B /* Database */ = {
			isa = PBXGroup;
			children = (
				655921D027EA4F3500523C3B /* Mocks */,
			);
			path = Database;
			sourceTree = "<group>";
		};
		655921D627EA50A500523C3B /* Network */ = {
			isa = PBXGroup;
			children = (
				655921D727EA50AB00523C3B /* Mocks */,
			);
			path = Network;
			sourceTree = "<group>";
		};
		655921D727EA50AB00523C3B /* Mocks */ = {
			isa = PBXGroup;
			children = (
				655921D827EA50C800523C3B /* CharacterRepositoryMock.swift */,
			);
			path = Mocks;
			sourceTree = "<group>";
		};
		65649B3027E11A2F000C96E1 /* Interfaces */ = {
			isa = PBXGroup;
			children = (
				65649B3127E11A46000C96E1 /* CharactersRepositoryInterface.swift */,
			);
			path = Interfaces;
			sourceTree = "<group>";
		};
		65649B3927E1342A000C96E1 /* Characters */ = {
			isa = PBXGroup;
			children = (
				651C604A27E1003B00EDD38E /* CharacterDetail */,
				651C604927E1002000EDD38E /* CharacterList */,
			);
			path = Characters;
			sourceTree = "<group>";
		};
		65A245ED27E896940012890B /* Database */ = {
			isa = PBXGroup;
			children = (
				65A245EE27E896A30012890B /* LocalProvider.swift */,
				65A245F127E8972E0012890B /* LocalProviderInterface.swift */,
			);
			path = Database;
			sourceTree = "<group>";
		};
		65A245F027E896C30012890B /* Network */ = {
			isa = PBXGroup;
			children = (
				65A245F327E8987E0012890B /* Models */,
				65649B3027E11A2F000C96E1 /* Interfaces */,
				651C607E27E109C500EDD38E /* Repositories */,
				651C607D27E1098000EDD38E /* Targets */,
				651C607227E107F600EDD38E /* Mappers */,
				651C606F27E107C200EDD38E /* Common */,
			);
			path = Network;
			sourceTree = "<group>";
		};
		65A245F327E8987E0012890B /* Models */ = {
			isa = PBXGroup;
			children = (
				651C607627E1089700EDD38E /* Response */,
			);
			path = Models;
			sourceTree = "<group>";
		};
		65A245F427E8D6DF0012890B /* Views */ = {
			isa = PBXGroup;
			children = (
				65A245F527E8D6EF0012890B /* PlaceholderView.swift */,
			);
			path = Views;
			sourceTree = "<group>";
		};
		65AAED1E27E4AD4900FE4DCC /* Utils */ = {
			isa = PBXGroup;
			children = (
				651DCA2D27E3BC14003ACBAA /* CompletionResult.swift */,
			);
			path = Utils;
			sourceTree = "<group>";
		};
		A92718C3943FA65A79AE4E61 /* Pods */ = {
			isa = PBXGroup;
			children = (
				D6C007289B91A102DC4738ED /* Pods-RickAndMorty.debug.xcconfig */,
				C5EEAD048044040B829038B7 /* Pods-RickAndMorty.release.xcconfig */,
				C64AC7D6E55C7223D5490F7B /* Pods-RickAndMorty-RickAndMortyUITests.debug.xcconfig */,
				4737B6847883468868D69FDD /* Pods-RickAndMorty-RickAndMortyUITests.release.xcconfig */,
				D748CAA601A94D0267DDA221 /* Pods-RickAndMortyTests.debug.xcconfig */,
				3DAB30FBE97D7598AB077DB2 /* Pods-RickAndMortyTests.release.xcconfig */,
			);
			path = Pods;
			sourceTree = "<group>";
		};
/* End PBXGroup section */

/* Begin PBXNativeTarget section */
		651C600E27E0FF5800EDD38E /* RickAndMorty */ = {
			isa = PBXNativeTarget;
			buildConfigurationList = 651C603C27E0FF5A00EDD38E /* Build configuration list for PBXNativeTarget "RickAndMorty" */;
			buildPhases = (
				8ADC209448543122620891D9 /* [CP] Check Pods Manifest.lock */,
				651C600B27E0FF5800EDD38E /* Sources */,
				651C600C27E0FF5800EDD38E /* Frameworks */,
				651C600D27E0FF5800EDD38E /* Resources */,
				039E41A0F5E163033FD82C59 /* [CP] Embed Pods Frameworks */,
			);
			buildRules = (
			);
			dependencies = (
			);
			name = RickAndMorty;
			productName = RickAndMorty;
			productReference = 651C600F27E0FF5800EDD38E /* RickAndMorty.app */;
			productType = "com.apple.product-type.application";
		};
		651C602727E0FF5A00EDD38E /* RickAndMortyTests */ = {
			isa = PBXNativeTarget;
			buildConfigurationList = 651C603F27E0FF5A00EDD38E /* Build configuration list for PBXNativeTarget "RickAndMortyTests" */;
			buildPhases = (
				36ED7C06416867E5E102AAAD /* [CP] Check Pods Manifest.lock */,
				651C602427E0FF5A00EDD38E /* Sources */,
				651C602527E0FF5A00EDD38E /* Frameworks */,
				651C602627E0FF5A00EDD38E /* Resources */,
			);
			buildRules = (
			);
			dependencies = (
				651C602A27E0FF5A00EDD38E /* PBXTargetDependency */,
			);
			name = RickAndMortyTests;
			productName = RickAndMortyTests;
			productReference = 651C602827E0FF5A00EDD38E /* RickAndMortyTests.xctest */;
			productType = "com.apple.product-type.bundle.unit-test";
		};
		651C603127E0FF5A00EDD38E /* RickAndMortyUITests */ = {
			isa = PBXNativeTarget;
			buildConfigurationList = 651C604227E0FF5A00EDD38E /* Build configuration list for PBXNativeTarget "RickAndMortyUITests" */;
			buildPhases = (
				EDDB90647A0A00F4EADC7326 /* [CP] Check Pods Manifest.lock */,
				651C602E27E0FF5A00EDD38E /* Sources */,
				651C602F27E0FF5A00EDD38E /* Frameworks */,
				651C603027E0FF5A00EDD38E /* Resources */,
				61012FD5C05471D2155C9D1D /* [CP] Embed Pods Frameworks */,
			);
			buildRules = (
			);
			dependencies = (
				651C603427E0FF5A00EDD38E /* PBXTargetDependency */,
			);
			name = RickAndMortyUITests;
			productName = RickAndMortyUITests;
			productReference = 651C603227E0FF5A00EDD38E /* RickAndMortyUITests.xctest */;
			productType = "com.apple.product-type.bundle.ui-testing";
		};
/* End PBXNativeTarget section */

/* Begin PBXProject section */
		651C600727E0FF5800EDD38E /* Project object */ = {
			isa = PBXProject;
			attributes = {
				BuildIndependentTargetsInParallel = 1;
				LastSwiftUpdateCheck = 1330;
				LastUpgradeCheck = 1330;
				TargetAttributes = {
					651C600E27E0FF5800EDD38E = {
						CreatedOnToolsVersion = 13.3;
					};
					651C602727E0FF5A00EDD38E = {
						CreatedOnToolsVersion = 13.3;
						TestTargetID = 651C600E27E0FF5800EDD38E;
					};
					651C603127E0FF5A00EDD38E = {
						CreatedOnToolsVersion = 13.3;
						TestTargetID = 651C600E27E0FF5800EDD38E;
					};
				};
			};
			buildConfigurationList = 651C600A27E0FF5800EDD38E /* Build configuration list for PBXProject "RickAndMorty" */;
			compatibilityVersion = "Xcode 13.0";
			developmentRegion = en;
			hasScannedForEncodings = 0;
			knownRegions = (
				en,
				Base,
			);
			mainGroup = 651C600627E0FF5800EDD38E;
			productRefGroup = 651C601027E0FF5800EDD38E /* Products */;
			projectDirPath = "";
			projectRoot = "";
			targets = (
				651C600E27E0FF5800EDD38E /* RickAndMorty */,
				651C602727E0FF5A00EDD38E /* RickAndMortyTests */,
				651C603127E0FF5A00EDD38E /* RickAndMortyUITests */,
			);
		};
/* End PBXProject section */

/* Begin PBXResourcesBuildPhase section */
		651C600D27E0FF5800EDD38E /* Resources */ = {
			isa = PBXResourcesBuildPhase;
			buildActionMask = 2147483647;
			files = (
				651C602227E0FF5A00EDD38E /* LaunchScreen.storyboard in Resources */,
				651C601F27E0FF5A00EDD38E /* Assets.xcassets in Resources */,
			);
			runOnlyForDeploymentPostprocessing = 0;
		};
		651C602627E0FF5A00EDD38E /* Resources */ = {
			isa = PBXResourcesBuildPhase;
			buildActionMask = 2147483647;
			files = (
			);
			runOnlyForDeploymentPostprocessing = 0;
		};
		651C603027E0FF5A00EDD38E /* Resources */ = {
			isa = PBXResourcesBuildPhase;
			buildActionMask = 2147483647;
			files = (
			);
			runOnlyForDeploymentPostprocessing = 0;
		};
/* End PBXResourcesBuildPhase section */

/* Begin PBXShellScriptBuildPhase section */
		039E41A0F5E163033FD82C59 /* [CP] Embed Pods Frameworks */ = {
			isa = PBXShellScriptBuildPhase;
			buildActionMask = 2147483647;
			files = (
			);
			inputFileListPaths = (
				"${PODS_ROOT}/Target Support Files/Pods-RickAndMorty/Pods-RickAndMorty-frameworks-${CONFIGURATION}-input-files.xcfilelist",
			);
			name = "[CP] Embed Pods Frameworks";
			outputFileListPaths = (
				"${PODS_ROOT}/Target Support Files/Pods-RickAndMorty/Pods-RickAndMorty-frameworks-${CONFIGURATION}-output-files.xcfilelist",
			);
			runOnlyForDeploymentPostprocessing = 0;
			shellPath = /bin/sh;
			shellScript = "\"${PODS_ROOT}/Target Support Files/Pods-RickAndMorty/Pods-RickAndMorty-frameworks.sh\"\n";
			showEnvVarsInLog = 0;
		};
		36ED7C06416867E5E102AAAD /* [CP] Check Pods Manifest.lock */ = {
			isa = PBXShellScriptBuildPhase;
			buildActionMask = 2147483647;
			files = (
			);
			inputFileListPaths = (
			);
			inputPaths = (
				"${PODS_PODFILE_DIR_PATH}/Podfile.lock",
				"${PODS_ROOT}/Manifest.lock",
			);
			name = "[CP] Check Pods Manifest.lock";
			outputFileListPaths = (
			);
			outputPaths = (
				"$(DERIVED_FILE_DIR)/Pods-RickAndMortyTests-checkManifestLockResult.txt",
			);
			runOnlyForDeploymentPostprocessing = 0;
			shellPath = /bin/sh;
			shellScript = "diff \"${PODS_PODFILE_DIR_PATH}/Podfile.lock\" \"${PODS_ROOT}/Manifest.lock\" > /dev/null\nif [ $? != 0 ] ; then\n    # print error to STDERR\n    echo \"error: The sandbox is not in sync with the Podfile.lock. Run 'pod install' or update your CocoaPods installation.\" >&2\n    exit 1\nfi\n# This output is used by Xcode 'outputs' to avoid re-running this script phase.\necho \"SUCCESS\" > \"${SCRIPT_OUTPUT_FILE_0}\"\n";
			showEnvVarsInLog = 0;
		};
		61012FD5C05471D2155C9D1D /* [CP] Embed Pods Frameworks */ = {
			isa = PBXShellScriptBuildPhase;
			buildActionMask = 2147483647;
			files = (
			);
			inputFileListPaths = (
				"${PODS_ROOT}/Target Support Files/Pods-RickAndMorty-RickAndMortyUITests/Pods-RickAndMorty-RickAndMortyUITests-frameworks-${CONFIGURATION}-input-files.xcfilelist",
			);
			name = "[CP] Embed Pods Frameworks";
			outputFileListPaths = (
				"${PODS_ROOT}/Target Support Files/Pods-RickAndMorty-RickAndMortyUITests/Pods-RickAndMorty-RickAndMortyUITests-frameworks-${CONFIGURATION}-output-files.xcfilelist",
			);
			runOnlyForDeploymentPostprocessing = 0;
			shellPath = /bin/sh;
			shellScript = "\"${PODS_ROOT}/Target Support Files/Pods-RickAndMorty-RickAndMortyUITests/Pods-RickAndMorty-RickAndMortyUITests-frameworks.sh\"\n";
			showEnvVarsInLog = 0;
		};
		8ADC209448543122620891D9 /* [CP] Check Pods Manifest.lock */ = {
			isa = PBXShellScriptBuildPhase;
			buildActionMask = 2147483647;
			files = (
			);
			inputFileListPaths = (
			);
			inputPaths = (
				"${PODS_PODFILE_DIR_PATH}/Podfile.lock",
				"${PODS_ROOT}/Manifest.lock",
			);
			name = "[CP] Check Pods Manifest.lock";
			outputFileListPaths = (
			);
			outputPaths = (
				"$(DERIVED_FILE_DIR)/Pods-RickAndMorty-checkManifestLockResult.txt",
			);
			runOnlyForDeploymentPostprocessing = 0;
			shellPath = /bin/sh;
			shellScript = "diff \"${PODS_PODFILE_DIR_PATH}/Podfile.lock\" \"${PODS_ROOT}/Manifest.lock\" > /dev/null\nif [ $? != 0 ] ; then\n    # print error to STDERR\n    echo \"error: The sandbox is not in sync with the Podfile.lock. Run 'pod install' or update your CocoaPods installation.\" >&2\n    exit 1\nfi\n# This output is used by Xcode 'outputs' to avoid re-running this script phase.\necho \"SUCCESS\" > \"${SCRIPT_OUTPUT_FILE_0}\"\n";
			showEnvVarsInLog = 0;
		};
		EDDB90647A0A00F4EADC7326 /* [CP] Check Pods Manifest.lock */ = {
			isa = PBXShellScriptBuildPhase;
			buildActionMask = 2147483647;
			files = (
			);
			inputFileListPaths = (
			);
			inputPaths = (
				"${PODS_PODFILE_DIR_PATH}/Podfile.lock",
				"${PODS_ROOT}/Manifest.lock",
			);
			name = "[CP] Check Pods Manifest.lock";
			outputFileListPaths = (
			);
			outputPaths = (
				"$(DERIVED_FILE_DIR)/Pods-RickAndMorty-RickAndMortyUITests-checkManifestLockResult.txt",
			);
			runOnlyForDeploymentPostprocessing = 0;
			shellPath = /bin/sh;
			shellScript = "diff \"${PODS_PODFILE_DIR_PATH}/Podfile.lock\" \"${PODS_ROOT}/Manifest.lock\" > /dev/null\nif [ $? != 0 ] ; then\n    # print error to STDERR\n    echo \"error: The sandbox is not in sync with the Podfile.lock. Run 'pod install' or update your CocoaPods installation.\" >&2\n    exit 1\nfi\n# This output is used by Xcode 'outputs' to avoid re-running this script phase.\necho \"SUCCESS\" > \"${SCRIPT_OUTPUT_FILE_0}\"\n";
			showEnvVarsInLog = 0;
		};
/* End PBXShellScriptBuildPhase section */

/* Begin PBXSourcesBuildPhase section */
		651C600B27E0FF5800EDD38E /* Sources */ = {
			isa = PBXSourcesBuildPhase;
			buildActionMask = 2147483647;
			files = (
				651DCA3127E3BDDA003ACBAA /* Array+SafeSubscript.swift in Sources */,
				65C4C08E27E61688009725F7 /* Style.swift in Sources */,
				651C607427E1081F00EDD38E /* CharactersMapper.swift in Sources */,
				65649B3427E11EBC000C96E1 /* CharactersRepository.swift in Sources */,
				651DCA2C27E3A51C003ACBAA /* CharacterViewCell.swift in Sources */,
				651C605127E1010000EDD38E /* CharacterListPresenter.swift in Sources */,
				65A245F227E8972E0012890B /* LocalProviderInterface.swift in Sources */,
				65649B3227E11A46000C96E1 /* CharactersRepositoryInterface.swift in Sources */,
				651C601D27E0FF5800EDD38E /* RickAndMorty.xcdatamodeld in Sources */,
				650B501327E1FAE8001DDD00 /* FeatureDependencies.swift in Sources */,
				651C605A27E101B300EDD38E /* CharacterDetailPresenter.swift in Sources */,
				651DCA2A27E39E94003ACBAA /* CharacterListTableViewController.swift in Sources */,
				65C4C09227E663D0009725F7 /* CharacterDetailViewData.swift in Sources */,
				65109DC027E115BC006E84E4 /* CharactersTarget.swift in Sources */,
				651C607927E1092300EDD38E /* Characters.swift in Sources */,
				651C605327E1011000EDD38E /* CharacterListWireframe.swift in Sources */,
				65649B3827E13309000C96E1 /* NetworkError.swift in Sources */,
				651C604F27E100F100EDD38E /* CharacterListInterfaces.swift in Sources */,
				650B500B27E1F24C001DDD00 /* FeatureConfigurator.swift in Sources */,
				65A245EF27E896A30012890B /* LocalProvider.swift in Sources */,
				651C601727E0FF5800EDD38E /* ViewController.swift in Sources */,
				651C604D27E100DC00EDD38E /* CharacterListViewController.swift in Sources */,
				651C601327E0FF5800EDD38E /* AppDelegate.swift in Sources */,
				65A245F627E8D6EF0012890B /* PlaceholderView.swift in Sources */,
				65C4C09027E62B15009725F7 /* CharacterListViewData.swift in Sources */,
				65109DC227E1164D006E84E4 /* Environment.swift in Sources */,
				651C601527E0FF5800EDD38E /* SceneDelegate.swift in Sources */,
				651C605827E101A400EDD38E /* CharacterDetailInterfaces.swift in Sources */,
				651DCA3327E3C007003ACBAA /* UIView+Subviews.swift in Sources */,
				651C607B27E1093100EDD38E /* CharactersResponse.swift in Sources */,
				651C605527E1011E00EDD38E /* CharacterListInteractor.swift in Sources */,
				651C606027E104BB00EDD38E /* CharacterDetailViewController.swift in Sources */,
				651C605E27E104A900EDD38E /* CharacterDetailConfigurator.swift in Sources */,
				651C605C27E101C000EDD38E /* CharacterDetailWireframe.swift in Sources */,
				651DCA2E27E3BC14003ACBAA /* CompletionResult.swift in Sources */,
				650B501027E1FAA1001DDD00 /* CharacterListConfigurator.swift in Sources */,
			);
			runOnlyForDeploymentPostprocessing = 0;
		};
		651C602427E0FF5A00EDD38E /* Sources */ = {
			isa = PBXSourcesBuildPhase;
			buildActionMask = 2147483647;
			files = (
				655921CE27EA414500523C3B /* CharacterListPresenterTests.swift in Sources */,
				655921CA27EA3C4300523C3B /* UIViewControllerSpy.swift in Sources */,
				655921D327EA4F6000523C3B /* LocalProviderMock.swift in Sources */,
				655921BC27EA2EB700523C3B /* CharacterListWireframeMock.swift in Sources */,
				655921BF27EA352700523C3B /* AnyCollection+Equal.swift in Sources */,
				655921D927EA50C800523C3B /* CharacterRepositoryMock.swift in Sources */,
				655921AC27EA0D5300523C3B /* Spy.swift in Sources */,
				655921B127EA0DB900523C3B /* SpyComparer.swift in Sources */,
				655921BA27EA2EAB00523C3B /* CharacterListInteractorMock.swift in Sources */,
				651C602D27E0FF5A00EDD38E /* RickAndMortyTests.swift in Sources */,
				655921C627EA3AB000523C3B /* CharacterDetailConfiguratorMock.swift in Sources */,
				655921AF27EA0DA200523C3B /* SpyComparableInterface.swift in Sources */,
				655921B827EA2E9D00523C3B /* CharacterListPresenterMock.swift in Sources */,
				655921CC27EA3C5F00523C3B /* UINavigationControllerSpy.swift in Sources */,
				655921B627EA2E8F00523C3B /* CharacterListViewMock.swift in Sources */,
				655921D527EA501A00523C3B /* CharacterListInteractorTests.swift in Sources */,
				655921C827EA3BB600523C3B /* CharacterListWireframeTests.swift in Sources */,
				655921C227EA370800523C3B /* CharactersFactory.swift in Sources */,
			);
			runOnlyForDeploymentPostprocessing = 0;
		};
		651C602E27E0FF5A00EDD38E /* Sources */ = {
			isa = PBXSourcesBuildPhase;
			buildActionMask = 2147483647;
			files = (
				651C603727E0FF5A00EDD38E /* RickAndMortyUITests.swift in Sources */,
				651C603927E0FF5A00EDD38E /* RickAndMortyUITestsLaunchTests.swift in Sources */,
			);
			runOnlyForDeploymentPostprocessing = 0;
		};
/* End PBXSourcesBuildPhase section */

/* Begin PBXTargetDependency section */
		651C602A27E0FF5A00EDD38E /* PBXTargetDependency */ = {
			isa = PBXTargetDependency;
			target = 651C600E27E0FF5800EDD38E /* RickAndMorty */;
			targetProxy = 651C602927E0FF5A00EDD38E /* PBXContainerItemProxy */;
		};
		651C603427E0FF5A00EDD38E /* PBXTargetDependency */ = {
			isa = PBXTargetDependency;
			target = 651C600E27E0FF5800EDD38E /* RickAndMorty */;
			targetProxy = 651C603327E0FF5A00EDD38E /* PBXContainerItemProxy */;
		};
/* End PBXTargetDependency section */

/* Begin PBXVariantGroup section */
		651C602027E0FF5A00EDD38E /* LaunchScreen.storyboard */ = {
			isa = PBXVariantGroup;
			children = (
				651C602127E0FF5A00EDD38E /* Base */,
			);
			name = LaunchScreen.storyboard;
			sourceTree = "<group>";
		};
/* End PBXVariantGroup section */

/* Begin XCBuildConfiguration section */
		651C603A27E0FF5A00EDD38E /* Debug */ = {
			isa = XCBuildConfiguration;
			buildSettings = {
				ALWAYS_SEARCH_USER_PATHS = NO;
				CLANG_ANALYZER_NONNULL = YES;
				CLANG_ANALYZER_NUMBER_OBJECT_CONVERSION = YES_AGGRESSIVE;
				CLANG_CXX_LANGUAGE_STANDARD = "gnu++17";
				CLANG_ENABLE_MODULES = YES;
				CLANG_ENABLE_OBJC_ARC = YES;
				CLANG_ENABLE_OBJC_WEAK = YES;
				CLANG_WARN_BLOCK_CAPTURE_AUTORELEASING = YES;
				CLANG_WARN_BOOL_CONVERSION = YES;
				CLANG_WARN_COMMA = YES;
				CLANG_WARN_CONSTANT_CONVERSION = YES;
				CLANG_WARN_DEPRECATED_OBJC_IMPLEMENTATIONS = YES;
				CLANG_WARN_DIRECT_OBJC_ISA_USAGE = YES_ERROR;
				CLANG_WARN_DOCUMENTATION_COMMENTS = YES;
				CLANG_WARN_EMPTY_BODY = YES;
				CLANG_WARN_ENUM_CONVERSION = YES;
				CLANG_WARN_INFINITE_RECURSION = YES;
				CLANG_WARN_INT_CONVERSION = YES;
				CLANG_WARN_NON_LITERAL_NULL_CONVERSION = YES;
				CLANG_WARN_OBJC_IMPLICIT_RETAIN_SELF = YES;
				CLANG_WARN_OBJC_LITERAL_CONVERSION = YES;
				CLANG_WARN_OBJC_ROOT_CLASS = YES_ERROR;
				CLANG_WARN_QUOTED_INCLUDE_IN_FRAMEWORK_HEADER = YES;
				CLANG_WARN_RANGE_LOOP_ANALYSIS = YES;
				CLANG_WARN_STRICT_PROTOTYPES = YES;
				CLANG_WARN_SUSPICIOUS_MOVE = YES;
				CLANG_WARN_UNGUARDED_AVAILABILITY = YES_AGGRESSIVE;
				CLANG_WARN_UNREACHABLE_CODE = YES;
				CLANG_WARN__DUPLICATE_METHOD_MATCH = YES;
				COPY_PHASE_STRIP = NO;
				DEBUG_INFORMATION_FORMAT = dwarf;
				ENABLE_STRICT_OBJC_MSGSEND = YES;
				ENABLE_TESTABILITY = YES;
				GCC_C_LANGUAGE_STANDARD = gnu11;
				GCC_DYNAMIC_NO_PIC = NO;
				GCC_NO_COMMON_BLOCKS = YES;
				GCC_OPTIMIZATION_LEVEL = 0;
				GCC_PREPROCESSOR_DEFINITIONS = (
					"DEBUG=1",
					"$(inherited)",
				);
				GCC_WARN_64_TO_32_BIT_CONVERSION = YES;
				GCC_WARN_ABOUT_RETURN_TYPE = YES_ERROR;
				GCC_WARN_UNDECLARED_SELECTOR = YES;
				GCC_WARN_UNINITIALIZED_AUTOS = YES_AGGRESSIVE;
				GCC_WARN_UNUSED_FUNCTION = YES;
				GCC_WARN_UNUSED_VARIABLE = YES;
				IPHONEOS_DEPLOYMENT_TARGET = 15.4;
				MTL_ENABLE_DEBUG_INFO = INCLUDE_SOURCE;
				MTL_FAST_MATH = YES;
				ONLY_ACTIVE_ARCH = YES;
				SDKROOT = iphoneos;
				SWIFT_ACTIVE_COMPILATION_CONDITIONS = DEBUG;
				SWIFT_OPTIMIZATION_LEVEL = "-Onone";
			};
			name = Debug;
		};
		651C603B27E0FF5A00EDD38E /* Release */ = {
			isa = XCBuildConfiguration;
			buildSettings = {
				ALWAYS_SEARCH_USER_PATHS = NO;
				CLANG_ANALYZER_NONNULL = YES;
				CLANG_ANALYZER_NUMBER_OBJECT_CONVERSION = YES_AGGRESSIVE;
				CLANG_CXX_LANGUAGE_STANDARD = "gnu++17";
				CLANG_ENABLE_MODULES = YES;
				CLANG_ENABLE_OBJC_ARC = YES;
				CLANG_ENABLE_OBJC_WEAK = YES;
				CLANG_WARN_BLOCK_CAPTURE_AUTORELEASING = YES;
				CLANG_WARN_BOOL_CONVERSION = YES;
				CLANG_WARN_COMMA = YES;
				CLANG_WARN_CONSTANT_CONVERSION = YES;
				CLANG_WARN_DEPRECATED_OBJC_IMPLEMENTATIONS = YES;
				CLANG_WARN_DIRECT_OBJC_ISA_USAGE = YES_ERROR;
				CLANG_WARN_DOCUMENTATION_COMMENTS = YES;
				CLANG_WARN_EMPTY_BODY = YES;
				CLANG_WARN_ENUM_CONVERSION = YES;
				CLANG_WARN_INFINITE_RECURSION = YES;
				CLANG_WARN_INT_CONVERSION = YES;
				CLANG_WARN_NON_LITERAL_NULL_CONVERSION = YES;
				CLANG_WARN_OBJC_IMPLICIT_RETAIN_SELF = YES;
				CLANG_WARN_OBJC_LITERAL_CONVERSION = YES;
				CLANG_WARN_OBJC_ROOT_CLASS = YES_ERROR;
				CLANG_WARN_QUOTED_INCLUDE_IN_FRAMEWORK_HEADER = YES;
				CLANG_WARN_RANGE_LOOP_ANALYSIS = YES;
				CLANG_WARN_STRICT_PROTOTYPES = YES;
				CLANG_WARN_SUSPICIOUS_MOVE = YES;
				CLANG_WARN_UNGUARDED_AVAILABILITY = YES_AGGRESSIVE;
				CLANG_WARN_UNREACHABLE_CODE = YES;
				CLANG_WARN__DUPLICATE_METHOD_MATCH = YES;
				COPY_PHASE_STRIP = NO;
				DEBUG_INFORMATION_FORMAT = "dwarf-with-dsym";
				ENABLE_NS_ASSERTIONS = NO;
				ENABLE_STRICT_OBJC_MSGSEND = YES;
				GCC_C_LANGUAGE_STANDARD = gnu11;
				GCC_NO_COMMON_BLOCKS = YES;
				GCC_WARN_64_TO_32_BIT_CONVERSION = YES;
				GCC_WARN_ABOUT_RETURN_TYPE = YES_ERROR;
				GCC_WARN_UNDECLARED_SELECTOR = YES;
				GCC_WARN_UNINITIALIZED_AUTOS = YES_AGGRESSIVE;
				GCC_WARN_UNUSED_FUNCTION = YES;
				GCC_WARN_UNUSED_VARIABLE = YES;
				IPHONEOS_DEPLOYMENT_TARGET = 15.4;
				MTL_ENABLE_DEBUG_INFO = NO;
				MTL_FAST_MATH = YES;
				SDKROOT = iphoneos;
				SWIFT_COMPILATION_MODE = wholemodule;
				SWIFT_OPTIMIZATION_LEVEL = "-O";
				VALIDATE_PRODUCT = YES;
			};
			name = Release;
		};
		651C603D27E0FF5A00EDD38E /* Debug */ = {
			isa = XCBuildConfiguration;
			baseConfigurationReference = D6C007289B91A102DC4738ED /* Pods-RickAndMorty.debug.xcconfig */;
			buildSettings = {
				ASSETCATALOG_COMPILER_APPICON_NAME = AppIcon;
				ASSETCATALOG_COMPILER_GLOBAL_ACCENT_COLOR_NAME = AccentColor;
				CODE_SIGN_STYLE = Automatic;
				CURRENT_PROJECT_VERSION = 1;
				DEVELOPMENT_TEAM = 38727NYDZQ;
				GENERATE_INFOPLIST_FILE = YES;
				INFOPLIST_FILE = RickAndMorty/Info.plist;
				INFOPLIST_KEY_UIApplicationSupportsIndirectInputEvents = YES;
				INFOPLIST_KEY_UILaunchStoryboardName = LaunchScreen;
				INFOPLIST_KEY_UISupportedInterfaceOrientations = UIInterfaceOrientationPortrait;
				INFOPLIST_KEY_UISupportedInterfaceOrientations_iPad = "UIInterfaceOrientationPortrait UIInterfaceOrientationPortraitUpsideDown UIInterfaceOrientationLandscapeLeft UIInterfaceOrientationLandscapeRight";
				INFOPLIST_KEY_UISupportedInterfaceOrientations_iPhone = "UIInterfaceOrientationPortrait UIInterfaceOrientationLandscapeLeft UIInterfaceOrientationLandscapeRight";
				IPHONEOS_DEPLOYMENT_TARGET = 14.0;
				LD_RUNPATH_SEARCH_PATHS = (
					"$(inherited)",
					"@executable_path/Frameworks",
				);
				MARKETING_VERSION = 1.0;
				PRODUCT_BUNDLE_IDENTIFIER = com.jamoresortiz.RickAndMorty;
				PRODUCT_NAME = "$(TARGET_NAME)";
				SWIFT_EMIT_LOC_STRINGS = YES;
				SWIFT_VERSION = 5.0;
				TARGETED_DEVICE_FAMILY = 1;
			};
			name = Debug;
		};
		651C603E27E0FF5A00EDD38E /* Release */ = {
			isa = XCBuildConfiguration;
			baseConfigurationReference = C5EEAD048044040B829038B7 /* Pods-RickAndMorty.release.xcconfig */;
			buildSettings = {
				ASSETCATALOG_COMPILER_APPICON_NAME = AppIcon;
				ASSETCATALOG_COMPILER_GLOBAL_ACCENT_COLOR_NAME = AccentColor;
				CODE_SIGN_STYLE = Automatic;
				CURRENT_PROJECT_VERSION = 1;
				DEVELOPMENT_TEAM = 38727NYDZQ;
				GENERATE_INFOPLIST_FILE = YES;
				INFOPLIST_FILE = RickAndMorty/Info.plist;
				INFOPLIST_KEY_UIApplicationSupportsIndirectInputEvents = YES;
				INFOPLIST_KEY_UILaunchStoryboardName = LaunchScreen;
				INFOPLIST_KEY_UISupportedInterfaceOrientations = UIInterfaceOrientationPortrait;
				INFOPLIST_KEY_UISupportedInterfaceOrientations_iPad = "UIInterfaceOrientationPortrait UIInterfaceOrientationPortraitUpsideDown UIInterfaceOrientationLandscapeLeft UIInterfaceOrientationLandscapeRight";
				INFOPLIST_KEY_UISupportedInterfaceOrientations_iPhone = "UIInterfaceOrientationPortrait UIInterfaceOrientationLandscapeLeft UIInterfaceOrientationLandscapeRight";
				IPHONEOS_DEPLOYMENT_TARGET = 14.0;
				LD_RUNPATH_SEARCH_PATHS = (
					"$(inherited)",
					"@executable_path/Frameworks",
				);
				MARKETING_VERSION = 1.0;
				PRODUCT_BUNDLE_IDENTIFIER = com.jamoresortiz.RickAndMorty;
				PRODUCT_NAME = "$(TARGET_NAME)";
				SWIFT_EMIT_LOC_STRINGS = YES;
				SWIFT_VERSION = 5.0;
				TARGETED_DEVICE_FAMILY = 1;
			};
			name = Release;
		};
		651C604027E0FF5A00EDD38E /* Debug */ = {
			isa = XCBuildConfiguration;
			baseConfigurationReference = D748CAA601A94D0267DDA221 /* Pods-RickAndMortyTests.debug.xcconfig */;
			buildSettings = {
				ALWAYS_EMBED_SWIFT_STANDARD_LIBRARIES = YES;
				BUNDLE_LOADER = "$(TEST_HOST)";
				CODE_SIGN_STYLE = Automatic;
				CURRENT_PROJECT_VERSION = 1;
				DEVELOPMENT_TEAM = 38727NYDZQ;
				GENERATE_INFOPLIST_FILE = YES;
				IPHONEOS_DEPLOYMENT_TARGET = 15.4;
				MARKETING_VERSION = 1.0;
				PRODUCT_BUNDLE_IDENTIFIER = com.jamoresortiz.RickAndMortyTests;
				PRODUCT_NAME = "$(TARGET_NAME)";
				SWIFT_EMIT_LOC_STRINGS = NO;
				SWIFT_VERSION = 5.0;
				TARGETED_DEVICE_FAMILY = "1,2";
				TEST_HOST = "$(BUILT_PRODUCTS_DIR)/RickAndMorty.app/RickAndMorty";
			};
			name = Debug;
		};
		651C604127E0FF5A00EDD38E /* Release */ = {
			isa = XCBuildConfiguration;
			baseConfigurationReference = 3DAB30FBE97D7598AB077DB2 /* Pods-RickAndMortyTests.release.xcconfig */;
			buildSettings = {
				ALWAYS_EMBED_SWIFT_STANDARD_LIBRARIES = YES;
				BUNDLE_LOADER = "$(TEST_HOST)";
				CODE_SIGN_STYLE = Automatic;
				CURRENT_PROJECT_VERSION = 1;
				DEVELOPMENT_TEAM = 38727NYDZQ;
				GENERATE_INFOPLIST_FILE = YES;
				IPHONEOS_DEPLOYMENT_TARGET = 15.4;
				MARKETING_VERSION = 1.0;
				PRODUCT_BUNDLE_IDENTIFIER = com.jamoresortiz.RickAndMortyTests;
				PRODUCT_NAME = "$(TARGET_NAME)";
				SWIFT_EMIT_LOC_STRINGS = NO;
				SWIFT_VERSION = 5.0;
				TARGETED_DEVICE_FAMILY = "1,2";
				TEST_HOST = "$(BUILT_PRODUCTS_DIR)/RickAndMorty.app/RickAndMorty";
			};
			name = Release;
		};
		651C604327E0FF5A00EDD38E /* Debug */ = {
			isa = XCBuildConfiguration;
			baseConfigurationReference = C64AC7D6E55C7223D5490F7B /* Pods-RickAndMorty-RickAndMortyUITests.debug.xcconfig */;
			buildSettings = {
				ALWAYS_EMBED_SWIFT_STANDARD_LIBRARIES = YES;
				CODE_SIGN_STYLE = Automatic;
				CURRENT_PROJECT_VERSION = 1;
				DEVELOPMENT_TEAM = 38727NYDZQ;
				GENERATE_INFOPLIST_FILE = YES;
				MARKETING_VERSION = 1.0;
				PRODUCT_BUNDLE_IDENTIFIER = com.jamoresortiz.RickAndMortyUITests;
				PRODUCT_NAME = "$(TARGET_NAME)";
				SWIFT_EMIT_LOC_STRINGS = NO;
				SWIFT_VERSION = 5.0;
				TARGETED_DEVICE_FAMILY = "1,2";
				TEST_TARGET_NAME = RickAndMorty;
			};
			name = Debug;
		};
		651C604427E0FF5A00EDD38E /* Release */ = {
			isa = XCBuildConfiguration;
			baseConfigurationReference = 4737B6847883468868D69FDD /* Pods-RickAndMorty-RickAndMortyUITests.release.xcconfig */;
			buildSettings = {
				ALWAYS_EMBED_SWIFT_STANDARD_LIBRARIES = YES;
				CODE_SIGN_STYLE = Automatic;
				CURRENT_PROJECT_VERSION = 1;
				DEVELOPMENT_TEAM = 38727NYDZQ;
				GENERATE_INFOPLIST_FILE = YES;
				MARKETING_VERSION = 1.0;
				PRODUCT_BUNDLE_IDENTIFIER = com.jamoresortiz.RickAndMortyUITests;
				PRODUCT_NAME = "$(TARGET_NAME)";
				SWIFT_EMIT_LOC_STRINGS = NO;
				SWIFT_VERSION = 5.0;
				TARGETED_DEVICE_FAMILY = "1,2";
				TEST_TARGET_NAME = RickAndMorty;
			};
			name = Release;
		};
/* End XCBuildConfiguration section */

/* Begin XCConfigurationList section */
		651C600A27E0FF5800EDD38E /* Build configuration list for PBXProject "RickAndMorty" */ = {
			isa = XCConfigurationList;
			buildConfigurations = (
				651C603A27E0FF5A00EDD38E /* Debug */,
				651C603B27E0FF5A00EDD38E /* Release */,
			);
			defaultConfigurationIsVisible = 0;
			defaultConfigurationName = Release;
		};
		651C603C27E0FF5A00EDD38E /* Build configuration list for PBXNativeTarget "RickAndMorty" */ = {
			isa = XCConfigurationList;
			buildConfigurations = (
				651C603D27E0FF5A00EDD38E /* Debug */,
				651C603E27E0FF5A00EDD38E /* Release */,
			);
			defaultConfigurationIsVisible = 0;
			defaultConfigurationName = Release;
		};
		651C603F27E0FF5A00EDD38E /* Build configuration list for PBXNativeTarget "RickAndMortyTests" */ = {
			isa = XCConfigurationList;
			buildConfigurations = (
				651C604027E0FF5A00EDD38E /* Debug */,
				651C604127E0FF5A00EDD38E /* Release */,
			);
			defaultConfigurationIsVisible = 0;
			defaultConfigurationName = Release;
		};
		651C604227E0FF5A00EDD38E /* Build configuration list for PBXNativeTarget "RickAndMortyUITests" */ = {
			isa = XCConfigurationList;
			buildConfigurations = (
				651C604327E0FF5A00EDD38E /* Debug */,
				651C604427E0FF5A00EDD38E /* Release */,
			);
			defaultConfigurationIsVisible = 0;
			defaultConfigurationName = Release;
		};
/* End XCConfigurationList section */

/* Begin XCVersionGroup section */
		651C601B27E0FF5800EDD38E /* RickAndMorty.xcdatamodeld */ = {
			isa = XCVersionGroup;
			children = (
				651C601C27E0FF5800EDD38E /* RickAndMorty.xcdatamodel */,
			);
			currentVersion = 651C601C27E0FF5800EDD38E /* RickAndMorty.xcdatamodel */;
			path = RickAndMorty.xcdatamodeld;
			sourceTree = "<group>";
			versionGroupType = wrapper.xcdatamodel;
		};
/* End XCVersionGroup section */
	};
	rootObject = 651C600727E0FF5800EDD38E /* Project object */;
}
