// !$*UTF8*$!
{
	archiveVersion = 1;
	classes = {
	};
	objectVersion = 55;
	objects = {

/* Begin PBXBuildFile section */
		651C5FD427E0FDDA00EDD38E /* AppDelegate.swift in Sources */ = {isa = PBXBuildFile; fileRef = 651C5FD327E0FDDA00EDD38E /* AppDelegate.swift */; };
		651C5FD627E0FDDA00EDD38E /* SceneDelegate.swift in Sources */ = {isa = PBXBuildFile; fileRef = 651C5FD527E0FDDA00EDD38E /* SceneDelegate.swift */; };
		651C5FD827E0FDDA00EDD38E /* ViewController.swift in Sources */ = {isa = PBXBuildFile; fileRef = 651C5FD727E0FDDA00EDD38E /* ViewController.swift */; };
		651C5FDB27E0FDDA00EDD38E /* Main.storyboard in Resources */ = {isa = PBXBuildFile; fileRef = 651C5FD927E0FDDA00EDD38E /* Main.storyboard */; };
		651C5FDE27E0FDDA00EDD38E /* Rick_Morty.xcdatamodeld in Sources */ = {isa = PBXBuildFile; fileRef = 651C5FDC27E0FDDA00EDD38E /* Rick_Morty.xcdatamodeld */; };
		651C5FE027E0FDDB00EDD38E /* Assets.xcassets in Resources */ = {isa = PBXBuildFile; fileRef = 651C5FDF27E0FDDB00EDD38E /* Assets.xcassets */; };
		651C5FE327E0FDDB00EDD38E /* LaunchScreen.storyboard in Resources */ = {isa = PBXBuildFile; fileRef = 651C5FE127E0FDDB00EDD38E /* LaunchScreen.storyboard */; };
		651C5FEE27E0FDDC00EDD38E /* Rick_MortyTests.swift in Sources */ = {isa = PBXBuildFile; fileRef = 651C5FED27E0FDDC00EDD38E /* Rick_MortyTests.swift */; };
		651C5FF827E0FDDC00EDD38E /* Rick_MortyUITests.swift in Sources */ = {isa = PBXBuildFile; fileRef = 651C5FF727E0FDDC00EDD38E /* Rick_MortyUITests.swift */; };
		651C5FFA27E0FDDC00EDD38E /* Rick_MortyUITestsLaunchTests.swift in Sources */ = {isa = PBXBuildFile; fileRef = 651C5FF927E0FDDC00EDD38E /* Rick_MortyUITestsLaunchTests.swift */; };
/* End PBXBuildFile section */

/* Begin PBXContainerItemProxy section */
		651C5FEA27E0FDDC00EDD38E /* PBXContainerItemProxy */ = {
			isa = PBXContainerItemProxy;
			containerPortal = 651C5FC827E0FDDA00EDD38E /* Project object */;
			proxyType = 1;
			remoteGlobalIDString = 651C5FCF27E0FDDA00EDD38E;
			remoteInfo = "Rick&Morty";
		};
		651C5FF427E0FDDC00EDD38E /* PBXContainerItemProxy */ = {
			isa = PBXContainerItemProxy;
			containerPortal = 651C5FC827E0FDDA00EDD38E /* Project object */;
			proxyType = 1;
			remoteGlobalIDString = 651C5FCF27E0FDDA00EDD38E;
			remoteInfo = "Rick&Morty";
		};
/* End PBXContainerItemProxy section */

/* Begin PBXFileReference section */
		651C5FD027E0FDDA00EDD38E /* Rick&Morty.app */ = {isa = PBXFileReference; explicitFileType = wrapper.application; includeInIndex = 0; path = "Rick&Morty.app"; sourceTree = BUILT_PRODUCTS_DIR; };
		651C5FD327E0FDDA00EDD38E /* AppDelegate.swift */ = {isa = PBXFileReference; lastKnownFileType = sourcecode.swift; path = AppDelegate.swift; sourceTree = "<group>"; };
		651C5FD527E0FDDA00EDD38E /* SceneDelegate.swift */ = {isa = PBXFileReference; lastKnownFileType = sourcecode.swift; path = SceneDelegate.swift; sourceTree = "<group>"; };
		651C5FD727E0FDDA00EDD38E /* ViewController.swift */ = {isa = PBXFileReference; lastKnownFileType = sourcecode.swift; path = ViewController.swift; sourceTree = "<group>"; };
		651C5FDA27E0FDDA00EDD38E /* Base */ = {isa = PBXFileReference; lastKnownFileType = file.storyboard; name = Base; path = Base.lproj/Main.storyboard; sourceTree = "<group>"; };
		651C5FDD27E0FDDA00EDD38E /* Rick_Morty.xcdatamodel */ = {isa = PBXFileReference; lastKnownFileType = wrapper.xcdatamodel; path = Rick_Morty.xcdatamodel; sourceTree = "<group>"; };
		651C5FDF27E0FDDB00EDD38E /* Assets.xcassets */ = {isa = PBXFileReference; lastKnownFileType = folder.assetcatalog; path = Assets.xcassets; sourceTree = "<group>"; };
		651C5FE227E0FDDB00EDD38E /* Base */ = {isa = PBXFileReference; lastKnownFileType = file.storyboard; name = Base; path = Base.lproj/LaunchScreen.storyboard; sourceTree = "<group>"; };
		651C5FE427E0FDDB00EDD38E /* Info.plist */ = {isa = PBXFileReference; lastKnownFileType = text.plist.xml; path = Info.plist; sourceTree = "<group>"; };
		651C5FE927E0FDDC00EDD38E /* Rick&MortyTests.xctest */ = {isa = PBXFileReference; explicitFileType = wrapper.cfbundle; includeInIndex = 0; path = "Rick&MortyTests.xctest"; sourceTree = BUILT_PRODUCTS_DIR; };
		651C5FED27E0FDDC00EDD38E /* Rick_MortyTests.swift */ = {isa = PBXFileReference; lastKnownFileType = sourcecode.swift; path = Rick_MortyTests.swift; sourceTree = "<group>"; };
		651C5FF327E0FDDC00EDD38E /* Rick&MortyUITests.xctest */ = {isa = PBXFileReference; explicitFileType = wrapper.cfbundle; includeInIndex = 0; path = "Rick&MortyUITests.xctest"; sourceTree = BUILT_PRODUCTS_DIR; };
		651C5FF727E0FDDC00EDD38E /* Rick_MortyUITests.swift */ = {isa = PBXFileReference; lastKnownFileType = sourcecode.swift; path = Rick_MortyUITests.swift; sourceTree = "<group>"; };
		651C5FF927E0FDDC00EDD38E /* Rick_MortyUITestsLaunchTests.swift */ = {isa = PBXFileReference; lastKnownFileType = sourcecode.swift; path = Rick_MortyUITestsLaunchTests.swift; sourceTree = "<group>"; };
/* End PBXFileReference section */

/* Begin PBXFrameworksBuildPhase section */
		651C5FCD27E0FDDA00EDD38E /* Frameworks */ = {
			isa = PBXFrameworksBuildPhase;
			buildActionMask = 2147483647;
			files = (
			);
			runOnlyForDeploymentPostprocessing = 0;
		};
		651C5FE627E0FDDC00EDD38E /* Frameworks */ = {
			isa = PBXFrameworksBuildPhase;
			buildActionMask = 2147483647;
			files = (
			);
			runOnlyForDeploymentPostprocessing = 0;
		};
		651C5FF027E0FDDC00EDD38E /* Frameworks */ = {
			isa = PBXFrameworksBuildPhase;
			buildActionMask = 2147483647;
			files = (
			);
			runOnlyForDeploymentPostprocessing = 0;
		};
/* End PBXFrameworksBuildPhase section */

/* Begin PBXGroup section */
		651C5FC727E0FDDA00EDD38E = {
			isa = PBXGroup;
			children = (
				651C5FD227E0FDDA00EDD38E /* Rick&Morty */,
				651C5FEC27E0FDDC00EDD38E /* Rick&MortyTests */,
				651C5FF627E0FDDC00EDD38E /* Rick&MortyUITests */,
				651C5FD127E0FDDA00EDD38E /* Products */,
			);
			sourceTree = "<group>";
		};
		651C5FD127E0FDDA00EDD38E /* Products */ = {
			isa = PBXGroup;
			children = (
				651C5FD027E0FDDA00EDD38E /* Rick&Morty.app */,
				651C5FE927E0FDDC00EDD38E /* Rick&MortyTests.xctest */,
				651C5FF327E0FDDC00EDD38E /* Rick&MortyUITests.xctest */,
			);
			name = Products;
			sourceTree = "<group>";
		};
		651C5FD227E0FDDA00EDD38E /* Rick&Morty */ = {
			isa = PBXGroup;
			children = (
				651C5FD327E0FDDA00EDD38E /* AppDelegate.swift */,
				651C5FD527E0FDDA00EDD38E /* SceneDelegate.swift */,
				651C5FD727E0FDDA00EDD38E /* ViewController.swift */,
				651C5FD927E0FDDA00EDD38E /* Main.storyboard */,
				651C5FDF27E0FDDB00EDD38E /* Assets.xcassets */,
				651C5FE127E0FDDB00EDD38E /* LaunchScreen.storyboard */,
				651C5FE427E0FDDB00EDD38E /* Info.plist */,
				651C5FDC27E0FDDA00EDD38E /* Rick_Morty.xcdatamodeld */,
			);
			path = "Rick&Morty";
			sourceTree = "<group>";
		};
		651C5FEC27E0FDDC00EDD38E /* Rick&MortyTests */ = {
			isa = PBXGroup;
			children = (
				651C5FED27E0FDDC00EDD38E /* Rick_MortyTests.swift */,
			);
			path = "Rick&MortyTests";
			sourceTree = "<group>";
		};
		651C5FF627E0FDDC00EDD38E /* Rick&MortyUITests */ = {
			isa = PBXGroup;
			children = (
				651C5FF727E0FDDC00EDD38E /* Rick_MortyUITests.swift */,
				651C5FF927E0FDDC00EDD38E /* Rick_MortyUITestsLaunchTests.swift */,
			);
			path = "Rick&MortyUITests";
			sourceTree = "<group>";
		};
/* End PBXGroup section */

/* Begin PBXNativeTarget section */
		651C5FCF27E0FDDA00EDD38E /* Rick&Morty */ = {
			isa = PBXNativeTarget;
			buildConfigurationList = 651C5FFD27E0FDDC00EDD38E /* Build configuration list for PBXNativeTarget "Rick&Morty" */;
			buildPhases = (
				651C5FCC27E0FDDA00EDD38E /* Sources */,
				651C5FCD27E0FDDA00EDD38E /* Frameworks */,
				651C5FCE27E0FDDA00EDD38E /* Resources */,
			);
			buildRules = (
			);
			dependencies = (
			);
			name = "Rick&Morty";
			productName = "Rick&Morty";
			productReference = 651C5FD027E0FDDA00EDD38E /* Rick&Morty.app */;
			productType = "com.apple.product-type.application";
		};
		651C5FE827E0FDDC00EDD38E /* Rick&MortyTests */ = {
			isa = PBXNativeTarget;
			buildConfigurationList = 651C600027E0FDDC00EDD38E /* Build configuration list for PBXNativeTarget "Rick&MortyTests" */;
			buildPhases = (
				651C5FE527E0FDDC00EDD38E /* Sources */,
				651C5FE627E0FDDC00EDD38E /* Frameworks */,
				651C5FE727E0FDDC00EDD38E /* Resources */,
			);
			buildRules = (
			);
			dependencies = (
				651C5FEB27E0FDDC00EDD38E /* PBXTargetDependency */,
			);
			name = "Rick&MortyTests";
			productName = "Rick&MortyTests";
			productReference = 651C5FE927E0FDDC00EDD38E /* Rick&MortyTests.xctest */;
			productType = "com.apple.product-type.bundle.unit-test";
		};
		651C5FF227E0FDDC00EDD38E /* Rick&MortyUITests */ = {
			isa = PBXNativeTarget;
			buildConfigurationList = 651C600327E0FDDC00EDD38E /* Build configuration list for PBXNativeTarget "Rick&MortyUITests" */;
			buildPhases = (
				651C5FEF27E0FDDC00EDD38E /* Sources */,
				651C5FF027E0FDDC00EDD38E /* Frameworks */,
				651C5FF127E0FDDC00EDD38E /* Resources */,
			);
			buildRules = (
			);
			dependencies = (
				651C5FF527E0FDDC00EDD38E /* PBXTargetDependency */,
			);
			name = "Rick&MortyUITests";
			productName = "Rick&MortyUITests";
			productReference = 651C5FF327E0FDDC00EDD38E /* Rick&MortyUITests.xctest */;
			productType = "com.apple.product-type.bundle.ui-testing";
		};
/* End PBXNativeTarget section */

/* Begin PBXProject section */
		651C5FC827E0FDDA00EDD38E /* Project object */ = {
			isa = PBXProject;
			attributes = {
				BuildIndependentTargetsInParallel = 1;
				LastSwiftUpdateCheck = 1330;
				LastUpgradeCheck = 1330;
				TargetAttributes = {
					651C5FCF27E0FDDA00EDD38E = {
						CreatedOnToolsVersion = 13.3;
					};
					651C5FE827E0FDDC00EDD38E = {
						CreatedOnToolsVersion = 13.3;
						TestTargetID = 651C5FCF27E0FDDA00EDD38E;
					};
					651C5FF227E0FDDC00EDD38E = {
						CreatedOnToolsVersion = 13.3;
						TestTargetID = 651C5FCF27E0FDDA00EDD38E;
					};
				};
			};
			buildConfigurationList = 651C5FCB27E0FDDA00EDD38E /* Build configuration list for PBXProject "Rick&Morty" */;
			compatibilityVersion = "Xcode 13.0";
			developmentRegion = en;
			hasScannedForEncodings = 0;
			knownRegions = (
				en,
				Base,
			);
			mainGroup = 651C5FC727E0FDDA00EDD38E;
			productRefGroup = 651C5FD127E0FDDA00EDD38E /* Products */;
			projectDirPath = "";
			projectRoot = "";
			targets = (
				651C5FCF27E0FDDA00EDD38E /* Rick&Morty */,
				651C5FE827E0FDDC00EDD38E /* Rick&MortyTests */,
				651C5FF227E0FDDC00EDD38E /* Rick&MortyUITests */,
			);
		};
/* End PBXProject section */

/* Begin PBXResourcesBuildPhase section */
		651C5FCE27E0FDDA00EDD38E /* Resources */ = {
			isa = PBXResourcesBuildPhase;
			buildActionMask = 2147483647;
			files = (
				651C5FE327E0FDDB00EDD38E /* LaunchScreen.storyboard in Resources */,
				651C5FE027E0FDDB00EDD38E /* Assets.xcassets in Resources */,
				651C5FDB27E0FDDA00EDD38E /* Main.storyboard in Resources */,
			);
			runOnlyForDeploymentPostprocessing = 0;
		};
		651C5FE727E0FDDC00EDD38E /* Resources */ = {
			isa = PBXResourcesBuildPhase;
			buildActionMask = 2147483647;
			files = (
			);
			runOnlyForDeploymentPostprocessing = 0;
		};
		651C5FF127E0FDDC00EDD38E /* Resources */ = {
			isa = PBXResourcesBuildPhase;
			buildActionMask = 2147483647;
			files = (
			);
			runOnlyForDeploymentPostprocessing = 0;
		};
/* End PBXResourcesBuildPhase section */

/* Begin PBXSourcesBuildPhase section */
		651C5FCC27E0FDDA00EDD38E /* Sources */ = {
			isa = PBXSourcesBuildPhase;
			buildActionMask = 2147483647;
			files = (
				651C5FD827E0FDDA00EDD38E /* ViewController.swift in Sources */,
				651C5FD427E0FDDA00EDD38E /* AppDelegate.swift in Sources */,
				651C5FDE27E0FDDA00EDD38E /* Rick_Morty.xcdatamodeld in Sources */,
				651C5FD627E0FDDA00EDD38E /* SceneDelegate.swift in Sources */,
			);
			runOnlyForDeploymentPostprocessing = 0;
		};
		651C5FE527E0FDDC00EDD38E /* Sources */ = {
			isa = PBXSourcesBuildPhase;
			buildActionMask = 2147483647;
			files = (
				651C5FEE27E0FDDC00EDD38E /* Rick_MortyTests.swift in Sources */,
			);
			runOnlyForDeploymentPostprocessing = 0;
		};
		651C5FEF27E0FDDC00EDD38E /* Sources */ = {
			isa = PBXSourcesBuildPhase;
			buildActionMask = 2147483647;
			files = (
				651C5FF827E0FDDC00EDD38E /* Rick_MortyUITests.swift in Sources */,
				651C5FFA27E0FDDC00EDD38E /* Rick_MortyUITestsLaunchTests.swift in Sources */,
			);
			runOnlyForDeploymentPostprocessing = 0;
		};
/* End PBXSourcesBuildPhase section */

/* Begin PBXTargetDependency section */
		651C5FEB27E0FDDC00EDD38E /* PBXTargetDependency */ = {
			isa = PBXTargetDependency;
			target = 651C5FCF27E0FDDA00EDD38E /* Rick&Morty */;
			targetProxy = 651C5FEA27E0FDDC00EDD38E /* PBXContainerItemProxy */;
		};
		651C5FF527E0FDDC00EDD38E /* PBXTargetDependency */ = {
			isa = PBXTargetDependency;
			target = 651C5FCF27E0FDDA00EDD38E /* Rick&Morty */;
			targetProxy = 651C5FF427E0FDDC00EDD38E /* PBXContainerItemProxy */;
		};
/* End PBXTargetDependency section */

/* Begin PBXVariantGroup section */
		651C5FD927E0FDDA00EDD38E /* Main.storyboard */ = {
			isa = PBXVariantGroup;
			children = (
				651C5FDA27E0FDDA00EDD38E /* Base */,
			);
			name = Main.storyboard;
			sourceTree = "<group>";
		};
		651C5FE127E0FDDB00EDD38E /* LaunchScreen.storyboard */ = {
			isa = PBXVariantGroup;
			children = (
				651C5FE227E0FDDB00EDD38E /* Base */,
			);
			name = LaunchScreen.storyboard;
			sourceTree = "<group>";
		};
/* End PBXVariantGroup section */

/* Begin XCBuildConfiguration section */
		651C5FFB27E0FDDC00EDD38E /* Debug */ = {
			isa = XCBuildConfiguration;
			buildSettings = {
				ALWAYS_SEARCH_USER_PATHS = NO;
				CLANG_ANALYZER_NONNULL = YES;
				CLANG_ANALYZER_NUMBER_OBJECT_CONVERSION = YES_AGGRESSIVE;
				CLANG_CXX_LANGUAGE_STANDARD = "gnu++17";
				CLANG_ENABLE_MODULES = YES;
				CLANG_ENABLE_OBJC_ARC = YES;
				CLANG_ENABLE_OBJC_WEAK = YES;
				CLANG_WARN_BLOCK_CAPTURE_AUTORELEASING = YES;
				CLANG_WARN_BOOL_CONVERSION = YES;
				CLANG_WARN_COMMA = YES;
				CLANG_WARN_CONSTANT_CONVERSION = YES;
				CLANG_WARN_DEPRECATED_OBJC_IMPLEMENTATIONS = YES;
				CLANG_WARN_DIRECT_OBJC_ISA_USAGE = YES_ERROR;
				CLANG_WARN_DOCUMENTATION_COMMENTS = YES;
				CLANG_WARN_EMPTY_BODY = YES;
				CLANG_WARN_ENUM_CONVERSION = YES;
				CLANG_WARN_INFINITE_RECURSION = YES;
				CLANG_WARN_INT_CONVERSION = YES;
				CLANG_WARN_NON_LITERAL_NULL_CONVERSION = YES;
				CLANG_WARN_OBJC_IMPLICIT_RETAIN_SELF = YES;
				CLANG_WARN_OBJC_LITERAL_CONVERSION = YES;
				CLANG_WARN_OBJC_ROOT_CLASS = YES_ERROR;
				CLANG_WARN_QUOTED_INCLUDE_IN_FRAMEWORK_HEADER = YES;
				CLANG_WARN_RANGE_LOOP_ANALYSIS = YES;
				CLANG_WARN_STRICT_PROTOTYPES = YES;
				CLANG_WARN_SUSPICIOUS_MOVE = YES;
				CLANG_WARN_UNGUARDED_AVAILABILITY = YES_AGGRESSIVE;
				CLANG_WARN_UNREACHABLE_CODE = YES;
				CLANG_WARN__DUPLICATE_METHOD_MATCH = YES;
				COPY_PHASE_STRIP = NO;
				DEBUG_INFORMATION_FORMAT = dwarf;
				ENABLE_STRICT_OBJC_MSGSEND = YES;
				ENABLE_TESTABILITY = YES;
				GCC_C_LANGUAGE_STANDARD = gnu11;
				GCC_DYNAMIC_NO_PIC = NO;
				GCC_NO_COMMON_BLOCKS = YES;
				GCC_OPTIMIZATION_LEVEL = 0;
				GCC_PREPROCESSOR_DEFINITIONS = (
					"DEBUG=1",
					"$(inherited)",
				);
				GCC_WARN_64_TO_32_BIT_CONVERSION = YES;
				GCC_WARN_ABOUT_RETURN_TYPE = YES_ERROR;
				GCC_WARN_UNDECLARED_SELECTOR = YES;
				GCC_WARN_UNINITIALIZED_AUTOS = YES_AGGRESSIVE;
				GCC_WARN_UNUSED_FUNCTION = YES;
				GCC_WARN_UNUSED_VARIABLE = YES;
				IPHONEOS_DEPLOYMENT_TARGET = 15.4;
				MTL_ENABLE_DEBUG_INFO = INCLUDE_SOURCE;
				MTL_FAST_MATH = YES;
				ONLY_ACTIVE_ARCH = YES;
				SDKROOT = iphoneos;
				SWIFT_ACTIVE_COMPILATION_CONDITIONS = DEBUG;
				SWIFT_OPTIMIZATION_LEVEL = "-Onone";
			};
			name = Debug;
		};
		651C5FFC27E0FDDC00EDD38E /* Release */ = {
			isa = XCBuildConfiguration;
			buildSettings = {
				ALWAYS_SEARCH_USER_PATHS = NO;
				CLANG_ANALYZER_NONNULL = YES;
				CLANG_ANALYZER_NUMBER_OBJECT_CONVERSION = YES_AGGRESSIVE;
				CLANG_CXX_LANGUAGE_STANDARD = "gnu++17";
				CLANG_ENABLE_MODULES = YES;
				CLANG_ENABLE_OBJC_ARC = YES;
				CLANG_ENABLE_OBJC_WEAK = YES;
				CLANG_WARN_BLOCK_CAPTURE_AUTORELEASING = YES;
				CLANG_WARN_BOOL_CONVERSION = YES;
				CLANG_WARN_COMMA = YES;
				CLANG_WARN_CONSTANT_CONVERSION = YES;
				CLANG_WARN_DEPRECATED_OBJC_IMPLEMENTATIONS = YES;
				CLANG_WARN_DIRECT_OBJC_ISA_USAGE = YES_ERROR;
				CLANG_WARN_DOCUMENTATION_COMMENTS = YES;
				CLANG_WARN_EMPTY_BODY = YES;
				CLANG_WARN_ENUM_CONVERSION = YES;
				CLANG_WARN_INFINITE_RECURSION = YES;
				CLANG_WARN_INT_CONVERSION = YES;
				CLANG_WARN_NON_LITERAL_NULL_CONVERSION = YES;
				CLANG_WARN_OBJC_IMPLICIT_RETAIN_SELF = YES;
				CLANG_WARN_OBJC_LITERAL_CONVERSION = YES;
				CLANG_WARN_OBJC_ROOT_CLASS = YES_ERROR;
				CLANG_WARN_QUOTED_INCLUDE_IN_FRAMEWORK_HEADER = YES;
				CLANG_WARN_RANGE_LOOP_ANALYSIS = YES;
				CLANG_WARN_STRICT_PROTOTYPES = YES;
				CLANG_WARN_SUSPICIOUS_MOVE = YES;
				CLANG_WARN_UNGUARDED_AVAILABILITY = YES_AGGRESSIVE;
				CLANG_WARN_UNREACHABLE_CODE = YES;
				CLANG_WARN__DUPLICATE_METHOD_MATCH = YES;
				COPY_PHASE_STRIP = NO;
				DEBUG_INFORMATION_FORMAT = "dwarf-with-dsym";
				ENABLE_NS_ASSERTIONS = NO;
				ENABLE_STRICT_OBJC_MSGSEND = YES;
				GCC_C_LANGUAGE_STANDARD = gnu11;
				GCC_NO_COMMON_BLOCKS = YES;
				GCC_WARN_64_TO_32_BIT_CONVERSION = YES;
				GCC_WARN_ABOUT_RETURN_TYPE = YES_ERROR;
				GCC_WARN_UNDECLARED_SELECTOR = YES;
				GCC_WARN_UNINITIALIZED_AUTOS = YES_AGGRESSIVE;
				GCC_WARN_UNUSED_FUNCTION = YES;
				GCC_WARN_UNUSED_VARIABLE = YES;
				IPHONEOS_DEPLOYMENT_TARGET = 15.4;
				MTL_ENABLE_DEBUG_INFO = NO;
				MTL_FAST_MATH = YES;
				SDKROOT = iphoneos;
				SWIFT_COMPILATION_MODE = wholemodule;
				SWIFT_OPTIMIZATION_LEVEL = "-O";
				VALIDATE_PRODUCT = YES;
			};
			name = Release;
		};
		651C5FFE27E0FDDC00EDD38E /* Debug */ = {
			isa = XCBuildConfiguration;
			buildSettings = {
				ASSETCATALOG_COMPILER_APPICON_NAME = AppIcon;
				ASSETCATALOG_COMPILER_GLOBAL_ACCENT_COLOR_NAME = AccentColor;
				CODE_SIGN_STYLE = Automatic;
				CURRENT_PROJECT_VERSION = 1;
				DEVELOPMENT_TEAM = 38727NYDZQ;
				GENERATE_INFOPLIST_FILE = YES;
				INFOPLIST_FILE = "Rick&Morty/Info.plist";
				INFOPLIST_KEY_UIApplicationSupportsIndirectInputEvents = YES;
				INFOPLIST_KEY_UILaunchStoryboardName = LaunchScreen;
				INFOPLIST_KEY_UIMainStoryboardFile = Main;
				INFOPLIST_KEY_UISupportedInterfaceOrientations = UIInterfaceOrientationPortrait;
				INFOPLIST_KEY_UISupportedInterfaceOrientations_iPad = "UIInterfaceOrientationPortrait UIInterfaceOrientationPortraitUpsideDown UIInterfaceOrientationLandscapeLeft UIInterfaceOrientationLandscapeRight";
				INFOPLIST_KEY_UISupportedInterfaceOrientations_iPhone = "UIInterfaceOrientationPortrait UIInterfaceOrientationLandscapeLeft UIInterfaceOrientationLandscapeRight";
				LD_RUNPATH_SEARCH_PATHS = (
					"$(inherited)",
					"@executable_path/Frameworks",
				);
				MARKETING_VERSION = 1.0;
				PRODUCT_BUNDLE_IDENTIFIER = "com.jamoresortiz.Rick-Morty";
				PRODUCT_NAME = "$(TARGET_NAME)";
				SWIFT_EMIT_LOC_STRINGS = YES;
				SWIFT_VERSION = 5.0;
				TARGETED_DEVICE_FAMILY = 1;
			};
			name = Debug;
		};
		651C5FFF27E0FDDC00EDD38E /* Release */ = {
			isa = XCBuildConfiguration;
			buildSettings = {
				ASSETCATALOG_COMPILER_APPICON_NAME = AppIcon;
				ASSETCATALOG_COMPILER_GLOBAL_ACCENT_COLOR_NAME = AccentColor;
				CODE_SIGN_STYLE = Automatic;
				CURRENT_PROJECT_VERSION = 1;
				DEVELOPMENT_TEAM = 38727NYDZQ;
				GENERATE_INFOPLIST_FILE = YES;
				INFOPLIST_FILE = "Rick&Morty/Info.plist";
				INFOPLIST_KEY_UIApplicationSupportsIndirectInputEvents = YES;
				INFOPLIST_KEY_UILaunchStoryboardName = LaunchScreen;
				INFOPLIST_KEY_UIMainStoryboardFile = Main;
				INFOPLIST_KEY_UISupportedInterfaceOrientations = UIInterfaceOrientationPortrait;
				INFOPLIST_KEY_UISupportedInterfaceOrientations_iPad = "UIInterfaceOrientationPortrait UIInterfaceOrientationPortraitUpsideDown UIInterfaceOrientationLandscapeLeft UIInterfaceOrientationLandscapeRight";
				INFOPLIST_KEY_UISupportedInterfaceOrientations_iPhone = "UIInterfaceOrientationPortrait UIInterfaceOrientationLandscapeLeft UIInterfaceOrientationLandscapeRight";
				LD_RUNPATH_SEARCH_PATHS = (
					"$(inherited)",
					"@executable_path/Frameworks",
				);
				MARKETING_VERSION = 1.0;
				PRODUCT_BUNDLE_IDENTIFIER = "com.jamoresortiz.Rick-Morty";
				PRODUCT_NAME = "$(TARGET_NAME)";
				SWIFT_EMIT_LOC_STRINGS = YES;
				SWIFT_VERSION = 5.0;
				TARGETED_DEVICE_FAMILY = 1;
			};
			name = Release;
		};
		651C600127E0FDDC00EDD38E /* Debug */ = {
			isa = XCBuildConfiguration;
			buildSettings = {
				ALWAYS_EMBED_SWIFT_STANDARD_LIBRARIES = YES;
				BUNDLE_LOADER = "$(TEST_HOST)";
				CODE_SIGN_STYLE = Automatic;
				CURRENT_PROJECT_VERSION = 1;
				DEVELOPMENT_TEAM = 38727NYDZQ;
				GENERATE_INFOPLIST_FILE = YES;
				IPHONEOS_DEPLOYMENT_TARGET = 15.4;
				MARKETING_VERSION = 1.0;
				PRODUCT_BUNDLE_IDENTIFIER = "com.jamoresortiz.Rick-MortyTests";
				PRODUCT_NAME = "$(TARGET_NAME)";
				SWIFT_EMIT_LOC_STRINGS = NO;
				SWIFT_VERSION = 5.0;
				TARGETED_DEVICE_FAMILY = "1,2";
				TEST_HOST = "$(BUILT_PRODUCTS_DIR)/Rick&Morty.app/Rick&Morty";
			};
			name = Debug;
		};
		651C600227E0FDDC00EDD38E /* Release */ = {
			isa = XCBuildConfiguration;
			buildSettings = {
				ALWAYS_EMBED_SWIFT_STANDARD_LIBRARIES = YES;
				BUNDLE_LOADER = "$(TEST_HOST)";
				CODE_SIGN_STYLE = Automatic;
				CURRENT_PROJECT_VERSION = 1;
				DEVELOPMENT_TEAM = 38727NYDZQ;
				GENERATE_INFOPLIST_FILE = YES;
				IPHONEOS_DEPLOYMENT_TARGET = 15.4;
				MARKETING_VERSION = 1.0;
				PRODUCT_BUNDLE_IDENTIFIER = "com.jamoresortiz.Rick-MortyTests";
				PRODUCT_NAME = "$(TARGET_NAME)";
				SWIFT_EMIT_LOC_STRINGS = NO;
				SWIFT_VERSION = 5.0;
				TARGETED_DEVICE_FAMILY = "1,2";
				TEST_HOST = "$(BUILT_PRODUCTS_DIR)/Rick&Morty.app/Rick&Morty";
			};
			name = Release;
		};
		651C600427E0FDDC00EDD38E /* Debug */ = {
			isa = XCBuildConfiguration;
			buildSettings = {
				ALWAYS_EMBED_SWIFT_STANDARD_LIBRARIES = YES;
				CODE_SIGN_STYLE = Automatic;
				CURRENT_PROJECT_VERSION = 1;
				DEVELOPMENT_TEAM = 38727NYDZQ;
				GENERATE_INFOPLIST_FILE = YES;
				MARKETING_VERSION = 1.0;
				PRODUCT_BUNDLE_IDENTIFIER = "com.jamoresortiz.Rick-MortyUITests";
				PRODUCT_NAME = "$(TARGET_NAME)";
				SWIFT_EMIT_LOC_STRINGS = NO;
				SWIFT_VERSION = 5.0;
				TARGETED_DEVICE_FAMILY = "1,2";
				TEST_TARGET_NAME = "Rick&Morty";
			};
			name = Debug;
		};
		651C600527E0FDDC00EDD38E /* Release */ = {
			isa = XCBuildConfiguration;
			buildSettings = {
				ALWAYS_EMBED_SWIFT_STANDARD_LIBRARIES = YES;
				CODE_SIGN_STYLE = Automatic;
				CURRENT_PROJECT_VERSION = 1;
				DEVELOPMENT_TEAM = 38727NYDZQ;
				GENERATE_INFOPLIST_FILE = YES;
				MARKETING_VERSION = 1.0;
				PRODUCT_BUNDLE_IDENTIFIER = "com.jamoresortiz.Rick-MortyUITests";
				PRODUCT_NAME = "$(TARGET_NAME)";
				SWIFT_EMIT_LOC_STRINGS = NO;
				SWIFT_VERSION = 5.0;
				TARGETED_DEVICE_FAMILY = "1,2";
				TEST_TARGET_NAME = "Rick&Morty";
			};
			name = Release;
		};
/* End XCBuildConfiguration section */

/* Begin XCConfigurationList section */
		651C5FCB27E0FDDA00EDD38E /* Build configuration list for PBXProject "Rick&Morty" */ = {
			isa = XCConfigurationList;
			buildConfigurations = (
				651C5FFB27E0FDDC00EDD38E /* Debug */,
				651C5FFC27E0FDDC00EDD38E /* Release */,
			);
			defaultConfigurationIsVisible = 0;
			defaultConfigurationName = Release;
		};
		651C5FFD27E0FDDC00EDD38E /* Build configuration list for PBXNativeTarget "Rick&Morty" */ = {
			isa = XCConfigurationList;
			buildConfigurations = (
				651C5FFE27E0FDDC00EDD38E /* Debug */,
				651C5FFF27E0FDDC00EDD38E /* Release */,
			);
			defaultConfigurationIsVisible = 0;
			defaultConfigurationName = Release;
		};
		651C600027E0FDDC00EDD38E /* Build configuration list for PBXNativeTarget "Rick&MortyTests" */ = {
			isa = XCConfigurationList;
			buildConfigurations = (
				651C600127E0FDDC00EDD38E /* Debug */,
				651C600227E0FDDC00EDD38E /* Release */,
			);
			defaultConfigurationIsVisible = 0;
			defaultConfigurationName = Release;
		};
		651C600327E0FDDC00EDD38E /* Build configuration list for PBXNativeTarget "Rick&MortyUITests" */ = {
			isa = XCConfigurationList;
			buildConfigurations = (
				651C600427E0FDDC00EDD38E /* Debug */,
				651C600527E0FDDC00EDD38E /* Release */,
			);
			defaultConfigurationIsVisible = 0;
			defaultConfigurationName = Release;
		};
/* End XCConfigurationList section */

/* Begin XCVersionGroup section */
		651C5FDC27E0FDDA00EDD38E /* Rick_Morty.xcdatamodeld */ = {
			isa = XCVersionGroup;
			children = (
				651C5FDD27E0FDDA00EDD38E /* Rick_Morty.xcdatamodel */,
			);
			currentVersion = 651C5FDD27E0FDDA00EDD38E /* Rick_Morty.xcdatamodel */;
			path = Rick_Morty.xcdatamodeld;
			sourceTree = "<group>";
			versionGroupType = wrapper.xcdatamodel;
		};
/* End XCVersionGroup section */
	};
	rootObject = 651C5FC827E0FDDA00EDD38E /* Project object */;
}
